// !$*UTF8*$!
{
	archiveVersion = 1;
	classes = {
	};
	objectVersion = 56;
	objects = {

/* Begin PBXBuildFile section */
		660955622B62202700A47B1B /* StereoImage.swift in Sources */ = {isa = PBXBuildFile; fileRef = 660955612B62202700A47B1B /* StereoImage.swift */; };
		661265CC2B54533F00D1B343 /* libresolv.tbd in Frameworks */ = {isa = PBXBuildFile; fileRef = 661265CB2B54533800D1B343 /* libresolv.tbd */; };
		6629A1D52B4E538200FE2AB3 /* VirtualFriend_AppleMobile.swift in Sources */ = {isa = PBXBuildFile; fileRef = 6629A1D42B4E538200FE2AB3 /* VirtualFriend_AppleMobile.swift */; };
		6629A1DB2B4E538200FE2AB3 /* ImageBasedLighting.skybox in Resources */ = {isa = PBXBuildFile; fileRef = 6629A1DA2B4E538200FE2AB3 /* ImageBasedLighting.skybox */; };
		6629A1DD2B4E538300FE2AB3 /* Assets.xcassets in Resources */ = {isa = PBXBuildFile; fileRef = 6629A1DC2B4E538300FE2AB3 /* Assets.xcassets */; };
		6629A1E02B4E538300FE2AB3 /* Preview Assets.xcassets in Resources */ = {isa = PBXBuildFile; fileRef = 6629A1DF2B4E538300FE2AB3 /* Preview Assets.xcassets */; };
		66307AFF2C39A64A00F07826 /* TouchController.swift in Sources */ = {isa = PBXBuildFile; fileRef = 66307AFE2C39A64A00F07826 /* TouchController.swift */; };
		66307B012C39EC2A00F07826 /* TouchGestureRecognizer.swift in Sources */ = {isa = PBXBuildFile; fileRef = 66307B002C39EC2A00F07826 /* TouchGestureRecognizer.swift */; };
		66307B032C39EE8000F07826 /* ControllerView.swift in Sources */ = {isa = PBXBuildFile; fileRef = 66307B022C39EE8000F07826 /* ControllerView.swift */; };
		66307B052C39EECC00F07826 /* TouchGestureView.swift in Sources */ = {isa = PBXBuildFile; fileRef = 66307B042C39EECC00F07826 /* TouchGestureView.swift */; };
		66307B072C3AE04100F07826 /* TriggerView.swift in Sources */ = {isa = PBXBuildFile; fileRef = 66307B062C3AE04100F07826 /* TriggerView.swift */; };
		665022C22C0CDF470012E9D4 /* AsyncAlgorithms in Frameworks */ = {isa = PBXBuildFile; productRef = 665022C12C0CDF470012E9D4 /* AsyncAlgorithms */; };
		665489152BDDC9F000C2BD96 /* MainWindowView.swift in Sources */ = {isa = PBXBuildFile; fileRef = 665489142BDDC9F000C2BD96 /* MainWindowView.swift */; };
		665489182BDDCA3B00C2BD96 /* SettingsView.swift in Sources */ = {isa = PBXBuildFile; fileRef = 665489172BDDCA3B00C2BD96 /* SettingsView.swift */; };
		6654891A2BDDCAE000C2BD96 /* CustomFileImporter.swift in Sources */ = {isa = PBXBuildFile; fileRef = 665489192BDDCAE000C2BD96 /* CustomFileImporter.swift */; };
		6662F8072C3E336300D80CC1 /* EmuImageView.swift in Sources */ = {isa = PBXBuildFile; fileRef = 6662F8062C3E336300D80CC1 /* EmuImageView.swift */; };
		6662F8092C3E338800D80CC1 /* EmuContentView.swift in Sources */ = {isa = PBXBuildFile; fileRef = 6662F8082C3E338800D80CC1 /* EmuContentView.swift */; };
		6662F80B2C3F538B00D80CC1 /* CGPoint.swift in Sources */ = {isa = PBXBuildFile; fileRef = 6662F80A2C3F538B00D80CC1 /* CGPoint.swift */; };
		66635BA12B66D002004FD096 /* manifests in Resources */ = {isa = PBXBuildFile; fileRef = 66635BA02B66D002004FD096 /* manifests */; };
		66635BA32B66D1F6004FD096 /* Files.swift in Sources */ = {isa = PBXBuildFile; fileRef = 66635BA22B66D1F6004FD096 /* Files.swift */; };
		6666F35D2BAF4DF2009D5A29 /* libvirtualfriend_swift.a in Frameworks */ = {isa = PBXBuildFile; fileRef = 6666F35C2BAF4DDE009D5A29 /* libvirtualfriend_swift.a */; };
		6688DED02B5DAC33004B2123 /* virtualfriend_swift.swift in Sources */ = {isa = PBXBuildFile; fileRef = 6688DECC2B5DAC33004B2123 /* virtualfriend_swift.swift */; };
		6688DED12B5DAC33004B2123 /* SwiftBridgeCore.swift in Sources */ = {isa = PBXBuildFile; fileRef = 6688DECF2B5DAC33004B2123 /* SwiftBridgeCore.swift */; };
		6688DED72B5DF876004B2123 /* EmuView.swift in Sources */ = {isa = PBXBuildFile; fileRef = 6688DED62B5DF876004B2123 /* EmuView.swift */; };
		669729892BDD54B50013BCE2 /* FilePickerGrid.swift in Sources */ = {isa = PBXBuildFile; fileRef = 669729882BDD54B50013BCE2 /* FilePickerGrid.swift */; };
		6697298B2BDD56350013BCE2 /* FilePickerFilesView.swift in Sources */ = {isa = PBXBuildFile; fileRef = 6697298A2BDD56350013BCE2 /* FilePickerFilesView.swift */; };
		6697298D2BDD56770013BCE2 /* FileEntry.swift in Sources */ = {isa = PBXBuildFile; fileRef = 6697298C2BDD56770013BCE2 /* FileEntry.swift */; };
		669729912BDD56EF0013BCE2 /* MockFileEntry.swift in Sources */ = {isa = PBXBuildFile; fileRef = 669729902BDD56EF0013BCE2 /* MockFileEntry.swift */; };
		669729932BDD67AA0013BCE2 /* FilePickerListView.swift in Sources */ = {isa = PBXBuildFile; fileRef = 669729922BDD67AA0013BCE2 /* FilePickerListView.swift */; };
		669729952BDD91AA0013BCE2 /* StereoManifestImageView.swift in Sources */ = {isa = PBXBuildFile; fileRef = 669729942BDD91AA0013BCE2 /* StereoManifestImageView.swift */; };
		669729972BDD94E70013BCE2 /* AsyncImageChannel.swift in Sources */ = {isa = PBXBuildFile; fileRef = 669729962BDD94E70013BCE2 /* AsyncImageChannel.swift */; };
		6697F38B2C0E75B600229BDD /* Metal2DUIView.swift in Sources */ = {isa = PBXBuildFile; fileRef = 6697F38A2C0E75B600229BDD /* Metal2DUIView.swift */; };
		6697F38D2C0E788100229BDD /* Metal2DView.swift in Sources */ = {isa = PBXBuildFile; fileRef = 6697F38C2C0E788100229BDD /* Metal2DView.swift */; };
		6697F38F2C0EAE9E00229BDD /* StereoImageVisionView.swift in Sources */ = {isa = PBXBuildFile; fileRef = 6697F38E2C0EAE9E00229BDD /* StereoImageVisionView.swift */; };
		669920852C0FF2B500A49C67 /* MainRouter.swift in Sources */ = {isa = PBXBuildFile; fileRef = 669920842C0FF2B500A49C67 /* MainRouter.swift */; };
		669920872C11197800A49C67 /* FilePickerListiOSView.swift in Sources */ = {isa = PBXBuildFile; fileRef = 669920862C11197800A49C67 /* FilePickerListiOSView.swift */; };
		66A0612F2BE679BF0043D170 /* Settings.swift in Sources */ = {isa = PBXBuildFile; fileRef = 66A0612E2BE679BF0043D170 /* Settings.swift */; };
		66A061312BE67F5F0043D170 /* Color.swift in Sources */ = {isa = PBXBuildFile; fileRef = 66A061302BE67F5F0043D170 /* Color.swift */; };
		66A061332BE7D2530043D170 /* FileType.swift in Sources */ = {isa = PBXBuildFile; fileRef = 66A061322BE7D2530043D170 /* FileType.swift */; };
		66A061352BE7D2AE0043D170 /* UniformTypeIdentifiers.framework in Frameworks */ = {isa = PBXBuildFile; fileRef = 66A061342BE7D2AE0043D170 /* UniformTypeIdentifiers.framework */; };
		66A061372BE7D5680043D170 /* FileImporter.swift in Sources */ = {isa = PBXBuildFile; fileRef = 66A061362BE7D5680043D170 /* FileImporter.swift */; };
		66A061392BE7EC8B0043D170 /* URL.swift in Sources */ = {isa = PBXBuildFile; fileRef = 66A061382BE7EC8B0043D170 /* URL.swift */; };
		66C4BC2C2BCC230E00AA8732 /* View+WindowGeometryPreferences.swift in Sources */ = {isa = PBXBuildFile; fileRef = 66C4BC2B2BCC230E00AA8732 /* View+WindowGeometryPreferences.swift */; };
		66C4BC302BCCC05500AA8732 /* Icon.swift in Sources */ = {isa = PBXBuildFile; fileRef = 66C4BC2F2BCCC05500AA8732 /* Icon.swift */; };
		66C60F062B63546B00C1FDF4 /* FFIGamepadInputs.swift in Sources */ = {isa = PBXBuildFile; fileRef = 66C60F052B63546B00C1FDF4 /* FFIGamepadInputs.swift */; };
		66C60F0B2B643A5500C1FDF4 /* FilePickerView.swift in Sources */ = {isa = PBXBuildFile; fileRef = 66C60F0A2B643A5500C1FDF4 /* FilePickerView.swift */; };
		66C60F0E2B6595CE00C1FDF4 /* Utilities.swift in Sources */ = {isa = PBXBuildFile; fileRef = 66C60F0D2B6595CE00C1FDF4 /* Utilities.swift */; };
		66C60F102B6596DE00C1FDF4 /* FilePickerGridItemView.swift in Sources */ = {isa = PBXBuildFile; fileRef = 66C60F0F2B6596DE00C1FDF4 /* FilePickerGridItemView.swift */; };
		66C60F2D2B66BA7F00C1FDF4 /* Hash.swift in Sources */ = {isa = PBXBuildFile; fileRef = 66C60F2C2B66BA7F00C1FDF4 /* Hash.swift */; };
		66CB32B22BC755F500BE5C0F /* StereoImageView.swift in Sources */ = {isa = PBXBuildFile; fileRef = 66CB32B12BC755F500BE5C0F /* StereoImageView.swift */; };
		66CB32B42BC7583E00BE5C0F /* StereoImageMaterial.swift in Sources */ = {isa = PBXBuildFile; fileRef = 66CB32B32BC7583E00BE5C0F /* StereoImageMaterial.swift */; };
		66CB32B62BC758F600BE5C0F /* StereoImageMaterial.usda in Resources */ = {isa = PBXBuildFile; fileRef = 66CB32B52BC758F600BE5C0F /* StereoImageMaterial.usda */; };
		66CDBF392C3B05F600A97097 /* EmuControllerView.swift in Sources */ = {isa = PBXBuildFile; fileRef = 66CDBF382C3B05F600A97097 /* EmuControllerView.swift */; };
		66CDBF3B2C3B86D600A97097 /* Environment.swift in Sources */ = {isa = PBXBuildFile; fileRef = 66CDBF3A2C3B86D600A97097 /* Environment.swift */; };
		66E147072C37081C00CB3BE7 /* EmuHeaderOverlayView.swift in Sources */ = {isa = PBXBuildFile; fileRef = 66E147062C37081C00CB3BE7 /* EmuHeaderOverlayView.swift */; };
		66E147132C37950A00CB3BE7 /* Toast.swift in Sources */ = {isa = PBXBuildFile; fileRef = 66E147122C37950A00CB3BE7 /* Toast.swift */; };
		66E147152C3833FE00CB3BE7 /* EmuNotification.swift in Sources */ = {isa = PBXBuildFile; fileRef = 66E147142C3833FE00CB3BE7 /* EmuNotification.swift */; };
		66E147172C38381100CB3BE7 /* EmuController.swift in Sources */ = {isa = PBXBuildFile; fileRef = 66E147162C38381100CB3BE7 /* EmuController.swift */; };
		66E147202C385DCB00CB3BE7 /* FaceButtonView.swift in Sources */ = {isa = PBXBuildFile; fileRef = 66E1471F2C385DCB00CB3BE7 /* FaceButtonView.swift */; };
		66E147242C39926C00CB3BE7 /* DpadView.swift in Sources */ = {isa = PBXBuildFile; fileRef = 66E147232C39926C00CB3BE7 /* DpadView.swift */; };
		66E43B0F2C3058D100B8C04E /* TPCircularBuffer in Frameworks */ = {isa = PBXBuildFile; productRef = 66E43B0E2C3058D100B8C04E /* TPCircularBuffer */; };
		66E43B132C305A2800B8C04E /* OERingBuffer.m in Sources */ = {isa = PBXBuildFile; fileRef = 66E43B122C305A2800B8C04E /* OERingBuffer.m */; };
		66E43B152C305B9900B8C04E /* Emulator.swift in Sources */ = {isa = PBXBuildFile; fileRef = 66E43B142C305B9500B8C04E /* Emulator.swift */; };
		66E43B192C305D8200B8C04E /* OETimingUtils.m in Sources */ = {isa = PBXBuildFile; fileRef = 66E43B182C305D8200B8C04E /* OETimingUtils.m */; };
		66E43B1C2C3099C800B8C04E /* EmulatorAudio.swift in Sources */ = {isa = PBXBuildFile; fileRef = 66E43B1B2C3099C800B8C04E /* EmulatorAudio.swift */; };
/* End PBXBuildFile section */

/* Begin PBXFileReference section */
		660955612B62202700A47B1B /* StereoImage.swift */ = {isa = PBXFileReference; lastKnownFileType = sourcecode.swift; path = StereoImage.swift; sourceTree = "<group>"; };
		661265C92B54531200D1B343 /* libvirtualfriend.a */ = {isa = PBXFileReference; lastKnownFileType = archive.ar; name = libvirtualfriend.a; path = "../virtualfriend/target/aarch64-apple-ios-sim/release/libvirtualfriend.a"; sourceTree = "<group>"; };
		661265CB2B54533800D1B343 /* libresolv.tbd */ = {isa = PBXFileReference; lastKnownFileType = "sourcecode.text-based-dylib-definition"; name = libresolv.tbd; path = usr/lib/libresolv.tbd; sourceTree = SDKROOT; };
		66136E242B5B419600D580BF /* libxrostest.a */ = {isa = PBXFileReference; lastKnownFileType = archive.ar; name = libxrostest.a; path = "../xrostest/target/aarch64-apple-xros-sim/debug/libxrostest.a"; sourceTree = "<group>"; };
		66136E262B5D948300D580BF /* libvirtualfriend.a */ = {isa = PBXFileReference; lastKnownFileType = archive.ar; name = libvirtualfriend.a; path = "../virtualfriend/target/aarch64-apple-xros-sim/debug/libvirtualfriend.a"; sourceTree = "<group>"; };
		6629A1CD2B4E538200FE2AB3 /* VirtualFriend.app */ = {isa = PBXFileReference; explicitFileType = wrapper.application; includeInIndex = 0; path = VirtualFriend.app; sourceTree = BUILT_PRODUCTS_DIR; };
		6629A1D42B4E538200FE2AB3 /* VirtualFriend_AppleMobile.swift */ = {isa = PBXFileReference; lastKnownFileType = sourcecode.swift; path = VirtualFriend_AppleMobile.swift; sourceTree = "<group>"; };
		6629A1DA2B4E538200FE2AB3 /* ImageBasedLighting.skybox */ = {isa = PBXFileReference; lastKnownFileType = file.skybox; path = ImageBasedLighting.skybox; sourceTree = "<group>"; };
		6629A1DC2B4E538300FE2AB3 /* Assets.xcassets */ = {isa = PBXFileReference; lastKnownFileType = folder.assetcatalog; path = Assets.xcassets; sourceTree = "<group>"; };
		6629A1DF2B4E538300FE2AB3 /* Preview Assets.xcassets */ = {isa = PBXFileReference; lastKnownFileType = folder.assetcatalog; path = "Preview Assets.xcassets"; sourceTree = "<group>"; };
		6629A1E12B4E538300FE2AB3 /* Info.plist */ = {isa = PBXFileReference; lastKnownFileType = text.plist.xml; path = Info.plist; sourceTree = "<group>"; };
		66307AFE2C39A64A00F07826 /* TouchController.swift */ = {isa = PBXFileReference; lastKnownFileType = sourcecode.swift; path = TouchController.swift; sourceTree = "<group>"; };
		66307B002C39EC2A00F07826 /* TouchGestureRecognizer.swift */ = {isa = PBXFileReference; lastKnownFileType = sourcecode.swift; path = TouchGestureRecognizer.swift; sourceTree = "<group>"; };
		66307B022C39EE8000F07826 /* ControllerView.swift */ = {isa = PBXFileReference; lastKnownFileType = sourcecode.swift; path = ControllerView.swift; sourceTree = "<group>"; };
		66307B042C39EECC00F07826 /* TouchGestureView.swift */ = {isa = PBXFileReference; lastKnownFileType = sourcecode.swift; path = TouchGestureView.swift; sourceTree = "<group>"; };
		66307B062C3AE04100F07826 /* TriggerView.swift */ = {isa = PBXFileReference; lastKnownFileType = sourcecode.swift; path = TriggerView.swift; sourceTree = "<group>"; };
		665489142BDDC9F000C2BD96 /* MainWindowView.swift */ = {isa = PBXFileReference; lastKnownFileType = sourcecode.swift; path = MainWindowView.swift; sourceTree = "<group>"; };
		665489172BDDCA3B00C2BD96 /* SettingsView.swift */ = {isa = PBXFileReference; lastKnownFileType = sourcecode.swift; path = SettingsView.swift; sourceTree = "<group>"; };
		665489192BDDCAE000C2BD96 /* CustomFileImporter.swift */ = {isa = PBXFileReference; lastKnownFileType = sourcecode.swift; path = CustomFileImporter.swift; sourceTree = "<group>"; };
		6662F8062C3E336300D80CC1 /* EmuImageView.swift */ = {isa = PBXFileReference; lastKnownFileType = sourcecode.swift; path = EmuImageView.swift; sourceTree = "<group>"; };
		6662F8082C3E338800D80CC1 /* EmuContentView.swift */ = {isa = PBXFileReference; lastKnownFileType = sourcecode.swift; path = EmuContentView.swift; sourceTree = "<group>"; };
		6662F80A2C3F538B00D80CC1 /* CGPoint.swift */ = {isa = PBXFileReference; lastKnownFileType = sourcecode.swift; path = CGPoint.swift; sourceTree = "<group>"; };
		66635BA02B66D002004FD096 /* manifests */ = {isa = PBXFileReference; lastKnownFileType = folder; name = manifests; path = ../../manifests; sourceTree = "<group>"; };
		66635BA22B66D1F6004FD096 /* Files.swift */ = {isa = PBXFileReference; lastKnownFileType = sourcecode.swift; path = Files.swift; sourceTree = "<group>"; };
		66654C052B5AF3E0008E283D /* libxrostest.a */ = {isa = PBXFileReference; lastKnownFileType = archive.ar; name = libxrostest.a; path = "../xrostest/target/aarch64-apple-xros/debug/libxrostest.a"; sourceTree = "<group>"; };
		66654C072B5B3F97008E283D /* Bridging-Header.h */ = {isa = PBXFileReference; lastKnownFileType = sourcecode.c.h; path = "Bridging-Header.h"; sourceTree = "<group>"; };
		6666F35C2BAF4DDE009D5A29 /* libvirtualfriend_swift.a */ = {isa = PBXFileReference; lastKnownFileType = archive.ar; name = libvirtualfriend_swift.a; path = "../target/aarch64-apple-visionos-sim/release/libvirtualfriend_swift.a"; sourceTree = "<group>"; };
		6688DECC2B5DAC33004B2123 /* virtualfriend_swift.swift */ = {isa = PBXFileReference; fileEncoding = 4; lastKnownFileType = sourcecode.swift; path = virtualfriend_swift.swift; sourceTree = "<group>"; };
		6688DECD2B5DAC33004B2123 /* virtualfriend_swift.h */ = {isa = PBXFileReference; fileEncoding = 4; lastKnownFileType = sourcecode.c.h; path = virtualfriend_swift.h; sourceTree = "<group>"; };
		6688DECE2B5DAC33004B2123 /* SwiftBridgeCore.h */ = {isa = PBXFileReference; fileEncoding = 4; lastKnownFileType = sourcecode.c.h; path = SwiftBridgeCore.h; sourceTree = "<group>"; };
		6688DECF2B5DAC33004B2123 /* SwiftBridgeCore.swift */ = {isa = PBXFileReference; fileEncoding = 4; lastKnownFileType = sourcecode.swift; path = SwiftBridgeCore.swift; sourceTree = "<group>"; };
		6688DED32B5DBA88004B2123 /* libvirtualfriend_swift.a */ = {isa = PBXFileReference; lastKnownFileType = archive.ar; name = libvirtualfriend_swift.a; path = "../target/aarch64-apple-xros-sim/debug/libvirtualfriend_swift.a"; sourceTree = "<group>"; };
		6688DED62B5DF876004B2123 /* EmuView.swift */ = {isa = PBXFileReference; lastKnownFileType = sourcecode.swift; path = EmuView.swift; sourceTree = "<group>"; };
		669729882BDD54B50013BCE2 /* FilePickerGrid.swift */ = {isa = PBXFileReference; lastKnownFileType = sourcecode.swift; path = FilePickerGrid.swift; sourceTree = "<group>"; };
		6697298A2BDD56350013BCE2 /* FilePickerFilesView.swift */ = {isa = PBXFileReference; lastKnownFileType = sourcecode.swift; path = FilePickerFilesView.swift; sourceTree = "<group>"; };
		6697298C2BDD56770013BCE2 /* FileEntry.swift */ = {isa = PBXFileReference; lastKnownFileType = sourcecode.swift; path = FileEntry.swift; sourceTree = "<group>"; };
		669729902BDD56EF0013BCE2 /* MockFileEntry.swift */ = {isa = PBXFileReference; lastKnownFileType = sourcecode.swift; path = MockFileEntry.swift; sourceTree = "<group>"; };
		669729922BDD67AA0013BCE2 /* FilePickerListView.swift */ = {isa = PBXFileReference; lastKnownFileType = sourcecode.swift; path = FilePickerListView.swift; sourceTree = "<group>"; };
		669729942BDD91AA0013BCE2 /* StereoManifestImageView.swift */ = {isa = PBXFileReference; lastKnownFileType = sourcecode.swift; path = StereoManifestImageView.swift; sourceTree = "<group>"; };
		669729962BDD94E70013BCE2 /* AsyncImageChannel.swift */ = {isa = PBXFileReference; lastKnownFileType = sourcecode.swift; path = AsyncImageChannel.swift; sourceTree = "<group>"; };
		6697F38A2C0E75B600229BDD /* Metal2DUIView.swift */ = {isa = PBXFileReference; lastKnownFileType = sourcecode.swift; path = Metal2DUIView.swift; sourceTree = "<group>"; };
		6697F38C2C0E788100229BDD /* Metal2DView.swift */ = {isa = PBXFileReference; lastKnownFileType = sourcecode.swift; path = Metal2DView.swift; sourceTree = "<group>"; };
		6697F38E2C0EAE9E00229BDD /* StereoImageVisionView.swift */ = {isa = PBXFileReference; lastKnownFileType = sourcecode.swift; path = StereoImageVisionView.swift; sourceTree = "<group>"; };
		669920842C0FF2B500A49C67 /* MainRouter.swift */ = {isa = PBXFileReference; lastKnownFileType = sourcecode.swift; path = MainRouter.swift; sourceTree = "<group>"; };
		669920862C11197800A49C67 /* FilePickerListiOSView.swift */ = {isa = PBXFileReference; lastKnownFileType = sourcecode.swift; path = FilePickerListiOSView.swift; sourceTree = "<group>"; };
		66A0612E2BE679BF0043D170 /* Settings.swift */ = {isa = PBXFileReference; lastKnownFileType = sourcecode.swift; path = Settings.swift; sourceTree = "<group>"; };
		66A061302BE67F5F0043D170 /* Color.swift */ = {isa = PBXFileReference; lastKnownFileType = sourcecode.swift; path = Color.swift; sourceTree = "<group>"; };
		66A061322BE7D2530043D170 /* FileType.swift */ = {isa = PBXFileReference; lastKnownFileType = sourcecode.swift; path = FileType.swift; sourceTree = "<group>"; };
		66A061342BE7D2AE0043D170 /* UniformTypeIdentifiers.framework */ = {isa = PBXFileReference; lastKnownFileType = wrapper.framework; name = UniformTypeIdentifiers.framework; path = System/Library/Frameworks/UniformTypeIdentifiers.framework; sourceTree = SDKROOT; };
		66A061362BE7D5680043D170 /* FileImporter.swift */ = {isa = PBXFileReference; lastKnownFileType = sourcecode.swift; path = FileImporter.swift; sourceTree = "<group>"; };
		66A061382BE7EC8B0043D170 /* URL.swift */ = {isa = PBXFileReference; lastKnownFileType = sourcecode.swift; path = URL.swift; sourceTree = "<group>"; };
		66C4BC2B2BCC230E00AA8732 /* View+WindowGeometryPreferences.swift */ = {isa = PBXFileReference; lastKnownFileType = sourcecode.swift; path = "View+WindowGeometryPreferences.swift"; sourceTree = "<group>"; };
		66C4BC2F2BCCC05500AA8732 /* Icon.swift */ = {isa = PBXFileReference; lastKnownFileType = sourcecode.swift; path = Icon.swift; sourceTree = "<group>"; };
		66C60F052B63546B00C1FDF4 /* FFIGamepadInputs.swift */ = {isa = PBXFileReference; lastKnownFileType = sourcecode.swift; path = FFIGamepadInputs.swift; sourceTree = "<group>"; };
		66C60F0A2B643A5500C1FDF4 /* FilePickerView.swift */ = {isa = PBXFileReference; lastKnownFileType = sourcecode.swift; path = FilePickerView.swift; sourceTree = "<group>"; };
		66C60F0D2B6595CE00C1FDF4 /* Utilities.swift */ = {isa = PBXFileReference; lastKnownFileType = sourcecode.swift; path = Utilities.swift; sourceTree = "<group>"; };
		66C60F0F2B6596DE00C1FDF4 /* FilePickerGridItemView.swift */ = {isa = PBXFileReference; lastKnownFileType = sourcecode.swift; path = FilePickerGridItemView.swift; sourceTree = "<group>"; };
		66C60F2C2B66BA7F00C1FDF4 /* Hash.swift */ = {isa = PBXFileReference; lastKnownFileType = sourcecode.swift; path = Hash.swift; sourceTree = "<group>"; };
		66CB32B12BC755F500BE5C0F /* StereoImageView.swift */ = {isa = PBXFileReference; lastKnownFileType = sourcecode.swift; path = StereoImageView.swift; sourceTree = "<group>"; };
		66CB32B32BC7583E00BE5C0F /* StereoImageMaterial.swift */ = {isa = PBXFileReference; lastKnownFileType = sourcecode.swift; path = StereoImageMaterial.swift; sourceTree = "<group>"; };
		66CB32B52BC758F600BE5C0F /* StereoImageMaterial.usda */ = {isa = PBXFileReference; fileEncoding = 4; lastKnownFileType = text; path = StereoImageMaterial.usda; sourceTree = "<group>"; };
		66CDBF382C3B05F600A97097 /* EmuControllerView.swift */ = {isa = PBXFileReference; lastKnownFileType = sourcecode.swift; path = EmuControllerView.swift; sourceTree = "<group>"; };
		66CDBF3A2C3B86D600A97097 /* Environment.swift */ = {isa = PBXFileReference; lastKnownFileType = sourcecode.swift; path = Environment.swift; sourceTree = "<group>"; };
		66E147062C37081C00CB3BE7 /* EmuHeaderOverlayView.swift */ = {isa = PBXFileReference; lastKnownFileType = sourcecode.swift; path = EmuHeaderOverlayView.swift; sourceTree = "<group>"; };
		66E147122C37950A00CB3BE7 /* Toast.swift */ = {isa = PBXFileReference; lastKnownFileType = sourcecode.swift; path = Toast.swift; sourceTree = "<group>"; };
		66E147142C3833FE00CB3BE7 /* EmuNotification.swift */ = {isa = PBXFileReference; lastKnownFileType = sourcecode.swift; path = EmuNotification.swift; sourceTree = "<group>"; };
		66E147162C38381100CB3BE7 /* EmuController.swift */ = {isa = PBXFileReference; lastKnownFileType = sourcecode.swift; path = EmuController.swift; sourceTree = "<group>"; };
		66E1471F2C385DCB00CB3BE7 /* FaceButtonView.swift */ = {isa = PBXFileReference; lastKnownFileType = sourcecode.swift; path = FaceButtonView.swift; sourceTree = "<group>"; };
		66E147232C39926C00CB3BE7 /* DpadView.swift */ = {isa = PBXFileReference; lastKnownFileType = sourcecode.swift; path = DpadView.swift; sourceTree = "<group>"; };
		66E43B112C305A2800B8C04E /* OERingBuffer.h */ = {isa = PBXFileReference; lastKnownFileType = sourcecode.c.h; path = OERingBuffer.h; sourceTree = "<group>"; };
		66E43B122C305A2800B8C04E /* OERingBuffer.m */ = {isa = PBXFileReference; lastKnownFileType = sourcecode.c.objc; path = OERingBuffer.m; sourceTree = "<group>"; };
		66E43B142C305B9500B8C04E /* Emulator.swift */ = {isa = PBXFileReference; lastKnownFileType = sourcecode.swift; path = Emulator.swift; sourceTree = "<group>"; };
		66E43B172C305D8200B8C04E /* OETimingUtils.h */ = {isa = PBXFileReference; lastKnownFileType = sourcecode.c.h; path = OETimingUtils.h; sourceTree = "<group>"; };
		66E43B182C305D8200B8C04E /* OETimingUtils.m */ = {isa = PBXFileReference; lastKnownFileType = sourcecode.c.objc; path = OETimingUtils.m; sourceTree = "<group>"; };
		66E43B1B2C3099C800B8C04E /* EmulatorAudio.swift */ = {isa = PBXFileReference; lastKnownFileType = sourcecode.swift; path = EmulatorAudio.swift; sourceTree = "<group>"; };
/* End PBXFileReference section */

/* Begin PBXFrameworksBuildPhase section */
		6629A1CA2B4E538200FE2AB3 /* Frameworks */ = {
			isa = PBXFrameworksBuildPhase;
			buildActionMask = 2147483647;
			files = (
				66E43B0F2C3058D100B8C04E /* TPCircularBuffer in Frameworks */,
				6666F35D2BAF4DF2009D5A29 /* libvirtualfriend_swift.a in Frameworks */,
				661265CC2B54533F00D1B343 /* libresolv.tbd in Frameworks */,
				66A061352BE7D2AE0043D170 /* UniformTypeIdentifiers.framework in Frameworks */,
				665022C22C0CDF470012E9D4 /* AsyncAlgorithms in Frameworks */,
			);
			runOnlyForDeploymentPostprocessing = 0;
		};
/* End PBXFrameworksBuildPhase section */

/* Begin PBXGroup section */
		6609555E2B621FE200A47B1B /* StreamingStereoImage */ = {
			isa = PBXGroup;
			children = (
				6697F3892C0E759F00229BDD /* Metal */,
				660955612B62202700A47B1B /* StereoImage.swift */,
				66CB32B32BC7583E00BE5C0F /* StereoImageMaterial.swift */,
				66CB32B12BC755F500BE5C0F /* StereoImageView.swift */,
				6697F38E2C0EAE9E00229BDD /* StereoImageVisionView.swift */,
				66CB32B52BC758F600BE5C0F /* StereoImageMaterial.usda */,
			);
			path = StreamingStereoImage;
			sourceTree = "<group>";
		};
		661265C82B54531200D1B343 /* Frameworks */ = {
			isa = PBXGroup;
			children = (
				66A061342BE7D2AE0043D170 /* UniformTypeIdentifiers.framework */,
				6688DED32B5DBA88004B2123 /* libvirtualfriend_swift.a */,
				6666F35C2BAF4DDE009D5A29 /* libvirtualfriend_swift.a */,
				66136E262B5D948300D580BF /* libvirtualfriend.a */,
				66654C052B5AF3E0008E283D /* libxrostest.a */,
				66136E242B5B419600D580BF /* libxrostest.a */,
				661265CB2B54533800D1B343 /* libresolv.tbd */,
				661265C92B54531200D1B343 /* libvirtualfriend.a */,
			);
			name = Frameworks;
			sourceTree = "<group>";
		};
		6629A1C42B4E538200FE2AB3 = {
			isa = PBXGroup;
			children = (
				6688DECA2B5DAC33004B2123 /* generated */,
				6629A1CF2B4E538200FE2AB3 /* VirtualFriend-AppleMobile */,
				6629A1D02B4E538200FE2AB3 /* Packages */,
				6629A1CE2B4E538200FE2AB3 /* Products */,
				661265C82B54531200D1B343 /* Frameworks */,
			);
			sourceTree = "<group>";
		};
		6629A1CE2B4E538200FE2AB3 /* Products */ = {
			isa = PBXGroup;
			children = (
				6629A1CD2B4E538200FE2AB3 /* VirtualFriend.app */,
			);
			name = Products;
			sourceTree = "<group>";
		};
		6629A1CF2B4E538200FE2AB3 /* VirtualFriend-AppleMobile */ = {
			isa = PBXGroup;
			children = (
				66635BA02B66D002004FD096 /* manifests */,
				66C60F042B63545C00C1FDF4 /* ffi */,
				66C60F0C2B6595B600C1FDF4 /* Emulation */,
				66C4BC2A2BCC22FB00AA8732 /* Extensions */,
				6697298E2BDD56B20013BCE2 /* Model */,
				665489162BDDCA0D00C2BD96 /* Pages */,
				6609555E2B621FE200A47B1B /* StreamingStereoImage */,
				665489132BDDC9D400C2BD96 /* Windows */,
				66E147112C3794D500CB3BE7 /* Views */,
				66C60F2B2B66BA6A00C1FDF4 /* Utilities */,
				6629A1D42B4E538200FE2AB3 /* VirtualFriend_AppleMobile.swift */,
				6629A1DA2B4E538200FE2AB3 /* ImageBasedLighting.skybox */,
				6629A1DC2B4E538300FE2AB3 /* Assets.xcassets */,
				6629A1E12B4E538300FE2AB3 /* Info.plist */,
				6629A1DE2B4E538300FE2AB3 /* Preview Content */,
				66654C072B5B3F97008E283D /* Bridging-Header.h */,
			);
			path = "VirtualFriend-AppleMobile";
			sourceTree = "<group>";
		};
		6629A1D02B4E538200FE2AB3 /* Packages */ = {
			isa = PBXGroup;
			children = (
			);
			path = Packages;
			sourceTree = "<group>";
		};
		6629A1DE2B4E538300FE2AB3 /* Preview Content */ = {
			isa = PBXGroup;
			children = (
				6629A1DF2B4E538300FE2AB3 /* Preview Assets.xcassets */,
			);
			path = "Preview Content";
			sourceTree = "<group>";
		};
		665489132BDDC9D400C2BD96 /* Windows */ = {
			isa = PBXGroup;
			children = (
				669920842C0FF2B500A49C67 /* MainRouter.swift */,
				665489142BDDC9F000C2BD96 /* MainWindowView.swift */,
			);
			path = Windows;
			sourceTree = "<group>";
		};
		665489162BDDCA0D00C2BD96 /* Pages */ = {
			isa = PBXGroup;
			children = (
				66C60F092B643A3500C1FDF4 /* File Picker */,
				66C60F0A2B643A5500C1FDF4 /* FilePickerView.swift */,
				665489172BDDCA3B00C2BD96 /* SettingsView.swift */,
			);
			path = Pages;
			sourceTree = "<group>";
		};
		6662F8052C3E334C00D80CC1 /* View */ = {
			isa = PBXGroup;
			children = (
				6662F8082C3E338800D80CC1 /* EmuContentView.swift */,
				6662F8062C3E336300D80CC1 /* EmuImageView.swift */,
				6688DED62B5DF876004B2123 /* EmuView.swift */,
			);
			path = View;
			sourceTree = "<group>";
		};
		6688DECA2B5DAC33004B2123 /* generated */ = {
			isa = PBXGroup;
			children = (
				6688DECB2B5DAC33004B2123 /* virtualfriend_swift */,
				6688DECE2B5DAC33004B2123 /* SwiftBridgeCore.h */,
				6688DECF2B5DAC33004B2123 /* SwiftBridgeCore.swift */,
			);
			name = generated;
			path = ../virtualfriend_swift/generated;
			sourceTree = "<group>";
		};
		6688DECB2B5DAC33004B2123 /* virtualfriend_swift */ = {
			isa = PBXGroup;
			children = (
				6688DECC2B5DAC33004B2123 /* virtualfriend_swift.swift */,
				6688DECD2B5DAC33004B2123 /* virtualfriend_swift.h */,
			);
			path = virtualfriend_swift;
			sourceTree = "<group>";
		};
		6697298E2BDD56B20013BCE2 /* Model */ = {
			isa = PBXGroup;
			children = (
				6697298F2BDD56E40013BCE2 /* Mocks */,
				669729962BDD94E70013BCE2 /* AsyncImageChannel.swift */,
				6697298C2BDD56770013BCE2 /* FileEntry.swift */,
				66A061362BE7D5680043D170 /* FileImporter.swift */,
				66A061322BE7D2530043D170 /* FileType.swift */,
				66A0612E2BE679BF0043D170 /* Settings.swift */,
			);
			path = Model;
			sourceTree = "<group>";
		};
		6697298F2BDD56E40013BCE2 /* Mocks */ = {
			isa = PBXGroup;
			children = (
				669729902BDD56EF0013BCE2 /* MockFileEntry.swift */,
			);
			path = Mocks;
			sourceTree = "<group>";
		};
		6697F3892C0E759F00229BDD /* Metal */ = {
			isa = PBXGroup;
			children = (
				6697F38A2C0E75B600229BDD /* Metal2DUIView.swift */,
				6697F38C2C0E788100229BDD /* Metal2DView.swift */,
			);
			path = Metal;
			sourceTree = "<group>";
		};
		66C4BC2A2BCC22FB00AA8732 /* Extensions */ = {
			isa = PBXGroup;
			children = (
				6662F80A2C3F538B00D80CC1 /* CGPoint.swift */,
				66A061302BE67F5F0043D170 /* Color.swift */,
				66CDBF3A2C3B86D600A97097 /* Environment.swift */,
				66A061382BE7EC8B0043D170 /* URL.swift */,
				66C4BC2B2BCC230E00AA8732 /* View+WindowGeometryPreferences.swift */,
			);
			path = Extensions;
			sourceTree = "<group>";
		};
		66C60F042B63545C00C1FDF4 /* ffi */ = {
			isa = PBXGroup;
			children = (
				66C60F052B63546B00C1FDF4 /* FFIGamepadInputs.swift */,
			);
			path = ffi;
			sourceTree = "<group>";
		};
		66C60F092B643A3500C1FDF4 /* File Picker */ = {
			isa = PBXGroup;
			children = (
				665489192BDDCAE000C2BD96 /* CustomFileImporter.swift */,
				6697298A2BDD56350013BCE2 /* FilePickerFilesView.swift */,
				669729882BDD54B50013BCE2 /* FilePickerGrid.swift */,
				66C60F0F2B6596DE00C1FDF4 /* FilePickerGridItemView.swift */,
				669920862C11197800A49C67 /* FilePickerListiOSView.swift */,
				669729922BDD67AA0013BCE2 /* FilePickerListView.swift */,
				669729942BDD91AA0013BCE2 /* StereoManifestImageView.swift */,
			);
			path = "File Picker";
			sourceTree = "<group>";
		};
		66C60F0C2B6595B600C1FDF4 /* Emulation */ = {
			isa = PBXGroup;
			children = (
				66E43B102C305A1300B8C04E /* Audio */,
				6662F8052C3E334C00D80CC1 /* View */,
				66E43B162C305D7500B8C04E /* Util */,
				66E43B142C305B9500B8C04E /* Emulator.swift */,
				66E147162C38381100CB3BE7 /* EmuController.swift */,
				66CDBF382C3B05F600A97097 /* EmuControllerView.swift */,
				66E147062C37081C00CB3BE7 /* EmuHeaderOverlayView.swift */,
				66E147142C3833FE00CB3BE7 /* EmuNotification.swift */,
				66C60F0D2B6595CE00C1FDF4 /* Utilities.swift */,
			);
			path = Emulation;
			sourceTree = "<group>";
		};
		66C60F2B2B66BA6A00C1FDF4 /* Utilities */ = {
			isa = PBXGroup;
			children = (
				66635BA22B66D1F6004FD096 /* Files.swift */,
				66C60F2C2B66BA7F00C1FDF4 /* Hash.swift */,
				66C4BC2F2BCCC05500AA8732 /* Icon.swift */,
			);
			path = Utilities;
			sourceTree = "<group>";
		};
		66E147112C3794D500CB3BE7 /* Views */ = {
			isa = PBXGroup;
			children = (
				66E147182C385D1F00CB3BE7 /* OnscreenController */,
				66E147122C37950A00CB3BE7 /* Toast.swift */,
			);
			path = Views;
			sourceTree = "<group>";
		};
		66E147182C385D1F00CB3BE7 /* OnscreenController */ = {
			isa = PBXGroup;
			children = (
				66307B022C39EE8000F07826 /* ControllerView.swift */,
				66E147232C39926C00CB3BE7 /* DpadView.swift */,
				66E1471F2C385DCB00CB3BE7 /* FaceButtonView.swift */,
				66307AFE2C39A64A00F07826 /* TouchController.swift */,
				66307B002C39EC2A00F07826 /* TouchGestureRecognizer.swift */,
				66307B042C39EECC00F07826 /* TouchGestureView.swift */,
				66307B062C3AE04100F07826 /* TriggerView.swift */,
			);
			path = OnscreenController;
			sourceTree = "<group>";
		};
		66E43B102C305A1300B8C04E /* Audio */ = {
			isa = PBXGroup;
			children = (
				66E43B1B2C3099C800B8C04E /* EmulatorAudio.swift */,
				66E43B112C305A2800B8C04E /* OERingBuffer.h */,
				66E43B122C305A2800B8C04E /* OERingBuffer.m */,
			);
			path = Audio;
			sourceTree = "<group>";
		};
		66E43B162C305D7500B8C04E /* Util */ = {
			isa = PBXGroup;
			children = (
				66E43B172C305D8200B8C04E /* OETimingUtils.h */,
				66E43B182C305D8200B8C04E /* OETimingUtils.m */,
			);
			path = Util;
			sourceTree = "<group>";
		};
/* End PBXGroup section */

/* Begin PBXNativeTarget section */
		6629A1CC2B4E538200FE2AB3 /* VirtualFriend */ = {
			isa = PBXNativeTarget;
			buildConfigurationList = 6629A1E42B4E538300FE2AB3 /* Build configuration list for PBXNativeTarget "VirtualFriend" */;
			buildPhases = (
				6688DED22B5DB65E004B2123 /* ShellScript */,
				6629A1C92B4E538200FE2AB3 /* Sources */,
				6629A1CA2B4E538200FE2AB3 /* Frameworks */,
				6629A1CB2B4E538200FE2AB3 /* Resources */,
			);
			buildRules = (
			);
			dependencies = (
			);
			name = VirtualFriend;
			packageProductDependencies = (
				665022C12C0CDF470012E9D4 /* AsyncAlgorithms */,
				66E43B0E2C3058D100B8C04E /* TPCircularBuffer */,
			);
			productName = "VirtualFriend-Vision";
			productReference = 6629A1CD2B4E538200FE2AB3 /* VirtualFriend.app */;
			productType = "com.apple.product-type.application";
		};
/* End PBXNativeTarget section */

/* Begin PBXProject section */
		6629A1C52B4E538200FE2AB3 /* Project object */ = {
			isa = PBXProject;
			attributes = {
				BuildIndependentTargetsInParallel = 1;
				LastSwiftUpdateCheck = 1520;
				LastUpgradeCheck = 1520;
				TargetAttributes = {
					6629A1CC2B4E538200FE2AB3 = {
						CreatedOnToolsVersion = 15.2;
					};
				};
			};
			buildConfigurationList = 6629A1C82B4E538200FE2AB3 /* Build configuration list for PBXProject "VirtualFriend-AppleMobile" */;
			compatibilityVersion = "Xcode 14.0";
			developmentRegion = en;
			hasScannedForEncodings = 0;
			knownRegions = (
				en,
				Base,
			);
			mainGroup = 6629A1C42B4E538200FE2AB3;
			packageReferences = (
				665022C02C0CDF470012E9D4 /* XCRemoteSwiftPackageReference "swift-async-algorithms" */,
				66E43B0D2C3058D100B8C04E /* XCRemoteSwiftPackageReference "TPCircularBuffer" */,
			);
			productRefGroup = 6629A1CE2B4E538200FE2AB3 /* Products */;
			projectDirPath = "";
			projectRoot = "";
			targets = (
				6629A1CC2B4E538200FE2AB3 /* VirtualFriend */,
			);
		};
/* End PBXProject section */

/* Begin PBXResourcesBuildPhase section */
		6629A1CB2B4E538200FE2AB3 /* Resources */ = {
			isa = PBXResourcesBuildPhase;
			buildActionMask = 2147483647;
			files = (
				6629A1DD2B4E538300FE2AB3 /* Assets.xcassets in Resources */,
				6629A1E02B4E538300FE2AB3 /* Preview Assets.xcassets in Resources */,
				6629A1DB2B4E538200FE2AB3 /* ImageBasedLighting.skybox in Resources */,
				66CB32B62BC758F600BE5C0F /* StereoImageMaterial.usda in Resources */,
				66635BA12B66D002004FD096 /* manifests in Resources */,
			);
			runOnlyForDeploymentPostprocessing = 0;
		};
/* End PBXResourcesBuildPhase section */

/* Begin PBXShellScriptBuildPhase section */
		6688DED22B5DB65E004B2123 /* ShellScript */ = {
			isa = PBXShellScriptBuildPhase;
			buildActionMask = 2147483647;
			files = (
			);
			inputFileListPaths = (
			);
			inputPaths = (
				"$(SRCROOT)/../virtualfriend",
				"$(SRCROOT)/../virtualfriend_swift",
			);
			outputFileListPaths = (
			);
			outputPaths = (
			);
			runOnlyForDeploymentPostprocessing = 0;
			shellPath = /bin/sh;
			shellScript = "# Type a script or drag a script file from your workspace to insert its path.\ncd ../\n# Load Rust PATH\n. ~/.cargo/env\nmake vision\nmake ios\n";
		};
/* End PBXShellScriptBuildPhase section */

/* Begin PBXSourcesBuildPhase section */
		6629A1C92B4E538200FE2AB3 /* Sources */ = {
			isa = PBXSourcesBuildPhase;
			buildActionMask = 2147483647;
			files = (
				6697298B2BDD56350013BCE2 /* FilePickerFilesView.swift in Sources */,
				66307B072C3AE04100F07826 /* TriggerView.swift in Sources */,
				66307B012C39EC2A00F07826 /* TouchGestureRecognizer.swift in Sources */,
				669729952BDD91AA0013BCE2 /* StereoManifestImageView.swift in Sources */,
				6654891A2BDDCAE000C2BD96 /* CustomFileImporter.swift in Sources */,
				66C60F2D2B66BA7F00C1FDF4 /* Hash.swift in Sources */,
				6697F38D2C0E788100229BDD /* Metal2DView.swift in Sources */,
				669729912BDD56EF0013BCE2 /* MockFileEntry.swift in Sources */,
				669729972BDD94E70013BCE2 /* AsyncImageChannel.swift in Sources */,
				6629A1D52B4E538200FE2AB3 /* VirtualFriend_AppleMobile.swift in Sources */,
				6688DED72B5DF876004B2123 /* EmuView.swift in Sources */,
				66E43B1C2C3099C800B8C04E /* EmulatorAudio.swift in Sources */,
				660955622B62202700A47B1B /* StereoImage.swift in Sources */,
				66A061312BE67F5F0043D170 /* Color.swift in Sources */,
				66C60F0B2B643A5500C1FDF4 /* FilePickerView.swift in Sources */,
				66A061372BE7D5680043D170 /* FileImporter.swift in Sources */,
				66C60F0E2B6595CE00C1FDF4 /* Utilities.swift in Sources */,
				66CDBF392C3B05F600A97097 /* EmuControllerView.swift in Sources */,
				669920872C11197800A49C67 /* FilePickerListiOSView.swift in Sources */,
				669729932BDD67AA0013BCE2 /* FilePickerListView.swift in Sources */,
				66E147132C37950A00CB3BE7 /* Toast.swift in Sources */,
				66CDBF3B2C3B86D600A97097 /* Environment.swift in Sources */,
				66E147242C39926C00CB3BE7 /* DpadView.swift in Sources */,
				66307B032C39EE8000F07826 /* ControllerView.swift in Sources */,
				669920852C0FF2B500A49C67 /* MainRouter.swift in Sources */,
				66307AFF2C39A64A00F07826 /* TouchController.swift in Sources */,
				66E147172C38381100CB3BE7 /* EmuController.swift in Sources */,
				66E147202C385DCB00CB3BE7 /* FaceButtonView.swift in Sources */,
				66CB32B42BC7583E00BE5C0F /* StereoImageMaterial.swift in Sources */,
				6688DED02B5DAC33004B2123 /* virtualfriend_swift.swift in Sources */,
				6697F38B2C0E75B600229BDD /* Metal2DUIView.swift in Sources */,
				6688DED12B5DAC33004B2123 /* SwiftBridgeCore.swift in Sources */,
				66CB32B22BC755F500BE5C0F /* StereoImageView.swift in Sources */,
				6662F80B2C3F538B00D80CC1 /* CGPoint.swift in Sources */,
				66A061332BE7D2530043D170 /* FileType.swift in Sources */,
				66E43B192C305D8200B8C04E /* OETimingUtils.m in Sources */,
				665489182BDDCA3B00C2BD96 /* SettingsView.swift in Sources */,
				665489152BDDC9F000C2BD96 /* MainWindowView.swift in Sources */,
				66A061392BE7EC8B0043D170 /* URL.swift in Sources */,
				6662F8072C3E336300D80CC1 /* EmuImageView.swift in Sources */,
				66307B052C39EECC00F07826 /* TouchGestureView.swift in Sources */,
				66635BA32B66D1F6004FD096 /* Files.swift in Sources */,
				66C60F062B63546B00C1FDF4 /* FFIGamepadInputs.swift in Sources */,
				669729892BDD54B50013BCE2 /* FilePickerGrid.swift in Sources */,
				6697298D2BDD56770013BCE2 /* FileEntry.swift in Sources */,
				6697F38F2C0EAE9E00229BDD /* StereoImageVisionView.swift in Sources */,
				66E147152C3833FE00CB3BE7 /* EmuNotification.swift in Sources */,
				66E43B152C305B9900B8C04E /* Emulator.swift in Sources */,
				66E147072C37081C00CB3BE7 /* EmuHeaderOverlayView.swift in Sources */,
				6662F8092C3E338800D80CC1 /* EmuContentView.swift in Sources */,
				66E43B132C305A2800B8C04E /* OERingBuffer.m in Sources */,
				66C60F102B6596DE00C1FDF4 /* FilePickerGridItemView.swift in Sources */,
				66A0612F2BE679BF0043D170 /* Settings.swift in Sources */,
				66C4BC302BCCC05500AA8732 /* Icon.swift in Sources */,
				66C4BC2C2BCC230E00AA8732 /* View+WindowGeometryPreferences.swift in Sources */,
			);
			runOnlyForDeploymentPostprocessing = 0;
		};
/* End PBXSourcesBuildPhase section */

/* Begin XCBuildConfiguration section */
		6629A1E22B4E538300FE2AB3 /* Debug */ = {
			isa = XCBuildConfiguration;
			buildSettings = {
				ALWAYS_SEARCH_USER_PATHS = NO;
				ASSETCATALOG_COMPILER_GENERATE_SWIFT_ASSET_SYMBOL_EXTENSIONS = YES;
				CLANG_ANALYZER_NONNULL = YES;
				CLANG_ANALYZER_NUMBER_OBJECT_CONVERSION = YES_AGGRESSIVE;
				CLANG_CXX_LANGUAGE_STANDARD = "gnu++20";
				CLANG_ENABLE_MODULES = YES;
				CLANG_ENABLE_OBJC_ARC = YES;
				CLANG_ENABLE_OBJC_WEAK = YES;
				CLANG_WARN_BLOCK_CAPTURE_AUTORELEASING = YES;
				CLANG_WARN_BOOL_CONVERSION = YES;
				CLANG_WARN_COMMA = YES;
				CLANG_WARN_CONSTANT_CONVERSION = YES;
				CLANG_WARN_DEPRECATED_OBJC_IMPLEMENTATIONS = YES;
				CLANG_WARN_DIRECT_OBJC_ISA_USAGE = YES_ERROR;
				CLANG_WARN_DOCUMENTATION_COMMENTS = YES;
				CLANG_WARN_EMPTY_BODY = YES;
				CLANG_WARN_ENUM_CONVERSION = YES;
				CLANG_WARN_INFINITE_RECURSION = YES;
				CLANG_WARN_INT_CONVERSION = YES;
				CLANG_WARN_NON_LITERAL_NULL_CONVERSION = YES;
				CLANG_WARN_OBJC_IMPLICIT_RETAIN_SELF = YES;
				CLANG_WARN_OBJC_LITERAL_CONVERSION = YES;
				CLANG_WARN_OBJC_ROOT_CLASS = YES_ERROR;
				CLANG_WARN_QUOTED_INCLUDE_IN_FRAMEWORK_HEADER = YES;
				CLANG_WARN_RANGE_LOOP_ANALYSIS = YES;
				CLANG_WARN_STRICT_PROTOTYPES = YES;
				CLANG_WARN_SUSPICIOUS_MOVE = YES;
				CLANG_WARN_UNGUARDED_AVAILABILITY = YES_AGGRESSIVE;
				CLANG_WARN_UNREACHABLE_CODE = YES;
				CLANG_WARN__DUPLICATE_METHOD_MATCH = YES;
				COPY_PHASE_STRIP = NO;
				DEBUG_INFORMATION_FORMAT = dwarf;
				ENABLE_STRICT_OBJC_MSGSEND = YES;
				ENABLE_TESTABILITY = YES;
				ENABLE_USER_SCRIPT_SANDBOXING = YES;
				GCC_C_LANGUAGE_STANDARD = gnu17;
				GCC_DYNAMIC_NO_PIC = NO;
				GCC_NO_COMMON_BLOCKS = YES;
				GCC_OPTIMIZATION_LEVEL = 0;
				GCC_PREPROCESSOR_DEFINITIONS = (
					"DEBUG=1",
					"$(inherited)",
				);
				GCC_WARN_64_TO_32_BIT_CONVERSION = YES;
				GCC_WARN_ABOUT_RETURN_TYPE = YES_ERROR;
				GCC_WARN_UNDECLARED_SELECTOR = YES;
				GCC_WARN_UNINITIALIZED_AUTOS = YES_AGGRESSIVE;
				GCC_WARN_UNUSED_FUNCTION = YES;
				GCC_WARN_UNUSED_VARIABLE = YES;
				LOCALIZATION_PREFERS_STRING_CATALOGS = YES;
				MTL_ENABLE_DEBUG_INFO = INCLUDE_SOURCE;
				MTL_FAST_MATH = YES;
				ONLY_ACTIVE_ARCH = YES;
				SDKROOT = xros;
				SWIFT_ACTIVE_COMPILATION_CONDITIONS = "DEBUG $(inherited)";
				SWIFT_OPTIMIZATION_LEVEL = "-Onone";
				XROS_DEPLOYMENT_TARGET = 1.0;
			};
			name = Debug;
		};
		6629A1E32B4E538300FE2AB3 /* Release */ = {
			isa = XCBuildConfiguration;
			buildSettings = {
				ALWAYS_SEARCH_USER_PATHS = NO;
				ASSETCATALOG_COMPILER_GENERATE_SWIFT_ASSET_SYMBOL_EXTENSIONS = YES;
				CLANG_ANALYZER_NONNULL = YES;
				CLANG_ANALYZER_NUMBER_OBJECT_CONVERSION = YES_AGGRESSIVE;
				CLANG_CXX_LANGUAGE_STANDARD = "gnu++20";
				CLANG_ENABLE_MODULES = YES;
				CLANG_ENABLE_OBJC_ARC = YES;
				CLANG_ENABLE_OBJC_WEAK = YES;
				CLANG_WARN_BLOCK_CAPTURE_AUTORELEASING = YES;
				CLANG_WARN_BOOL_CONVERSION = YES;
				CLANG_WARN_COMMA = YES;
				CLANG_WARN_CONSTANT_CONVERSION = YES;
				CLANG_WARN_DEPRECATED_OBJC_IMPLEMENTATIONS = YES;
				CLANG_WARN_DIRECT_OBJC_ISA_USAGE = YES_ERROR;
				CLANG_WARN_DOCUMENTATION_COMMENTS = YES;
				CLANG_WARN_EMPTY_BODY = YES;
				CLANG_WARN_ENUM_CONVERSION = YES;
				CLANG_WARN_INFINITE_RECURSION = YES;
				CLANG_WARN_INT_CONVERSION = YES;
				CLANG_WARN_NON_LITERAL_NULL_CONVERSION = YES;
				CLANG_WARN_OBJC_IMPLICIT_RETAIN_SELF = YES;
				CLANG_WARN_OBJC_LITERAL_CONVERSION = YES;
				CLANG_WARN_OBJC_ROOT_CLASS = YES_ERROR;
				CLANG_WARN_QUOTED_INCLUDE_IN_FRAMEWORK_HEADER = YES;
				CLANG_WARN_RANGE_LOOP_ANALYSIS = YES;
				CLANG_WARN_STRICT_PROTOTYPES = YES;
				CLANG_WARN_SUSPICIOUS_MOVE = YES;
				CLANG_WARN_UNGUARDED_AVAILABILITY = YES_AGGRESSIVE;
				CLANG_WARN_UNREACHABLE_CODE = YES;
				CLANG_WARN__DUPLICATE_METHOD_MATCH = YES;
				COPY_PHASE_STRIP = NO;
				DEBUG_INFORMATION_FORMAT = "dwarf-with-dsym";
				ENABLE_NS_ASSERTIONS = NO;
				ENABLE_STRICT_OBJC_MSGSEND = YES;
				ENABLE_USER_SCRIPT_SANDBOXING = YES;
				GCC_C_LANGUAGE_STANDARD = gnu17;
				GCC_NO_COMMON_BLOCKS = YES;
				GCC_WARN_64_TO_32_BIT_CONVERSION = YES;
				GCC_WARN_ABOUT_RETURN_TYPE = YES_ERROR;
				GCC_WARN_UNDECLARED_SELECTOR = YES;
				GCC_WARN_UNINITIALIZED_AUTOS = YES_AGGRESSIVE;
				GCC_WARN_UNUSED_FUNCTION = YES;
				GCC_WARN_UNUSED_VARIABLE = YES;
				LOCALIZATION_PREFERS_STRING_CATALOGS = YES;
				MTL_ENABLE_DEBUG_INFO = NO;
				MTL_FAST_MATH = YES;
				SDKROOT = xros;
				SWIFT_COMPILATION_MODE = wholemodule;
				VALIDATE_PRODUCT = YES;
				XROS_DEPLOYMENT_TARGET = 1.0;
			};
			name = Release;
		};
		6629A1E52B4E538300FE2AB3 /* Debug */ = {
			isa = XCBuildConfiguration;
			buildSettings = {
				ASSETCATALOG_COMPILER_APPICON_NAME = AppIcon;
				ASSETCATALOG_COMPILER_GLOBAL_ACCENT_COLOR_NAME = AccentColor;
				CODE_SIGN_STYLE = Automatic;
				CURRENT_PROJECT_VERSION = 1;
				DEVELOPMENT_ASSET_PATHS = "\"VirtualFriend-AppleMobile/Preview Content\"";
				DEVELOPMENT_TEAM = 58JLRGUCJQ;
				ENABLE_PREVIEWS = YES;
				EXCLUDED_ARCHS = "";
				"EXCLUDED_ARCHS[sdk=*]" = x86_64;
				GENERATE_INFOPLIST_FILE = YES;
				HEADER_SEARCH_PATHS = "${PROJECT_DIR}/../virtualfriend_swift/generated/**";
				INFOPLIST_FILE = "VirtualFriend-AppleMobile/Info.plist";
				IPHONEOS_DEPLOYMENT_TARGET = 17.0;
				LD_RUNPATH_SEARCH_PATHS = (
					"$(inherited)",
					"@executable_path/Frameworks",
				);
				"LIBRARY_SEARCH_PATHS[sdk=iphoneos*]" = "$(PROJECT_DIR)/../target/aarch64-apple-ios/release";
				"LIBRARY_SEARCH_PATHS[sdk=iphonesimulator*]" = "$(PROJECT_DIR)/../target/aarch64-apple-ios-sim/release";
				"LIBRARY_SEARCH_PATHS[sdk=xros*]" = "$(PROJECT_DIR)/../target/aarch64-apple-visionos/release";
				"LIBRARY_SEARCH_PATHS[sdk=xrsimulator*]" = "$(PROJECT_DIR)/../target/aarch64-apple-visionos-sim/release";
				MARKETING_VERSION = 1.0;
				PRODUCT_BUNDLE_IDENTIFIER = "im.agg.VirtualFriend-Vision";
				PRODUCT_NAME = "$(TARGET_NAME)";
				SUPPORTED_PLATFORMS = "iphoneos iphonesimulator xros xrsimulator";
				SUPPORTS_MACCATALYST = NO;
				SWIFT_EMIT_LOC_STRINGS = YES;
				SWIFT_OBJC_BRIDGING_HEADER = "$(PROJECT_DIR)/VirtualFriend-AppleMobile/Bridging-Header.h";
				SWIFT_VERSION = 5.0;
				TARGETED_DEVICE_FAMILY = "1,2,7";
			};
			name = Debug;
		};
		6629A1E62B4E538300FE2AB3 /* Release */ = {
			isa = XCBuildConfiguration;
			buildSettings = {
				ASSETCATALOG_COMPILER_APPICON_NAME = AppIcon;
				ASSETCATALOG_COMPILER_GLOBAL_ACCENT_COLOR_NAME = AccentColor;
				CODE_SIGN_STYLE = Automatic;
				CURRENT_PROJECT_VERSION = 1;
				DEVELOPMENT_ASSET_PATHS = "\"VirtualFriend-AppleMobile/Preview Content\"";
				DEVELOPMENT_TEAM = 58JLRGUCJQ;
				ENABLE_PREVIEWS = YES;
				EXCLUDED_ARCHS = x86_64;
				GENERATE_INFOPLIST_FILE = YES;
				HEADER_SEARCH_PATHS = "${PROJECT_DIR}/../virtualfriend_swift/generated/**";
				INFOPLIST_FILE = "VirtualFriend-AppleMobile/Info.plist";
				IPHONEOS_DEPLOYMENT_TARGET = 17.0;
				LD_RUNPATH_SEARCH_PATHS = (
					"$(inherited)",
					"@executable_path/Frameworks",
				);
				LIBRARY_SEARCH_PATHS = "$(PROJECT_DIR)/../target/aarch64-apple-visionos/release";
				"LIBRARY_SEARCH_PATHS[sdk=iphoneos*]" = "$(PROJECT_DIR)/../target/aarch64-apple-ios/release";
				"LIBRARY_SEARCH_PATHS[sdk=iphonesimulator*]" = "$(PROJECT_DIR)/../target/aarch64-apple-ios-sim/release";
				"LIBRARY_SEARCH_PATHS[sdk=xros*]" = "$(PROJECT_DIR)/../target/aarch64-apple-visionos/release";
				"LIBRARY_SEARCH_PATHS[sdk=xrsimulator*]" = "$(PROJECT_DIR)/../target/aarch64-apple-visionos-sim/release";
				MARKETING_VERSION = 1.0;
				PRODUCT_BUNDLE_IDENTIFIER = "im.agg.VirtualFriend-Vision";
				PRODUCT_NAME = "$(TARGET_NAME)";
				SUPPORTED_PLATFORMS = "iphoneos iphonesimulator xros xrsimulator";
				SUPPORTS_MACCATALYST = NO;
				SWIFT_EMIT_LOC_STRINGS = YES;
				SWIFT_OBJC_BRIDGING_HEADER = "$(PROJECT_DIR)/VirtualFriend-AppleMobile/Bridging-Header.h";
				SWIFT_VERSION = 5.0;
				TARGETED_DEVICE_FAMILY = "1,2,7";
			};
			name = Release;
		};
/* End XCBuildConfiguration section */

/* Begin XCConfigurationList section */
		6629A1C82B4E538200FE2AB3 /* Build configuration list for PBXProject "VirtualFriend-AppleMobile" */ = {
			isa = XCConfigurationList;
			buildConfigurations = (
				6629A1E22B4E538300FE2AB3 /* Debug */,
				6629A1E32B4E538300FE2AB3 /* Release */,
			);
			defaultConfigurationIsVisible = 0;
			defaultConfigurationName = Release;
		};
		6629A1E42B4E538300FE2AB3 /* Build configuration list for PBXNativeTarget "VirtualFriend" */ = {
			isa = XCConfigurationList;
			buildConfigurations = (
				6629A1E52B4E538300FE2AB3 /* Debug */,
				6629A1E62B4E538300FE2AB3 /* Release */,
			);
			defaultConfigurationIsVisible = 0;
			defaultConfigurationName = Release;
		};
/* End XCConfigurationList section */

/* Begin XCRemoteSwiftPackageReference section */
		665022C02C0CDF470012E9D4 /* XCRemoteSwiftPackageReference "swift-async-algorithms" */ = {
			isa = XCRemoteSwiftPackageReference;
			repositoryURL = "https://github.com/apple/swift-async-algorithms.git";
			requirement = {
				kind = upToNextMajorVersion;
				minimumVersion = 1.0.0;
			};
		};
		66E43B0D2C3058D100B8C04E /* XCRemoteSwiftPackageReference "TPCircularBuffer" */ = {
			isa = XCRemoteSwiftPackageReference;
			repositoryURL = "https://github.com/michaeltyson/TPCircularBuffer";
			requirement = {
				kind = upToNextMajorVersion;
				minimumVersion = 1.6.2;
			};
		};
/* End XCRemoteSwiftPackageReference section */

/* Begin XCSwiftPackageProductDependency section */
		665022C12C0CDF470012E9D4 /* AsyncAlgorithms */ = {
			isa = XCSwiftPackageProductDependency;
			package = 665022C02C0CDF470012E9D4 /* XCRemoteSwiftPackageReference "swift-async-algorithms" */;
			productName = AsyncAlgorithms;
		};
		66E43B0E2C3058D100B8C04E /* TPCircularBuffer */ = {
			isa = XCSwiftPackageProductDependency;
			package = 66E43B0D2C3058D100B8C04E /* XCRemoteSwiftPackageReference "TPCircularBuffer" */;
			productName = TPCircularBuffer;
		};
/* End XCSwiftPackageProductDependency section */
	};
	rootObject = 6629A1C52B4E538200FE2AB3 /* Project object */;
}
