// !$*UTF8*$!
{
	archiveVersion = 1;
	classes = {
	};
	objectVersion = 60;
	objects = {

/* Begin PBXBuildFile section */
		6609555D2B62175E00A47B1B /* StreamingStereoImageView.swift in Sources */ = {isa = PBXBuildFile; fileRef = 6609555C2B62175E00A47B1B /* StreamingStereoImageView.swift */; };
		660955622B62202700A47B1B /* StreamingStereoImage.swift in Sources */ = {isa = PBXBuildFile; fileRef = 660955612B62202700A47B1B /* StreamingStereoImage.swift */; };
		661265C62B54460900D1B343 /* VBStereoRenderRealityKit in Frameworks */ = {isa = PBXBuildFile; productRef = 661265C52B54460900D1B343 /* VBStereoRenderRealityKit */; };
		661265CC2B54533F00D1B343 /* libresolv.tbd in Frameworks */ = {isa = PBXBuildFile; fileRef = 661265CB2B54533800D1B343 /* libresolv.tbd */; };
		6628E47D2B67257400BA069D /* StereoImageScene.swift in Sources */ = {isa = PBXBuildFile; fileRef = 6628E47C2B67257400BA069D /* StereoImageScene.swift */; };
		6629A1D52B4E538200FE2AB3 /* VirtualFriend_VisionApp.swift in Sources */ = {isa = PBXBuildFile; fileRef = 6629A1D42B4E538200FE2AB3 /* VirtualFriend_VisionApp.swift */; };
		6629A1DB2B4E538200FE2AB3 /* ImageBasedLighting.skybox in Resources */ = {isa = PBXBuildFile; fileRef = 6629A1DA2B4E538200FE2AB3 /* ImageBasedLighting.skybox */; };
		6629A1DD2B4E538300FE2AB3 /* Assets.xcassets in Resources */ = {isa = PBXBuildFile; fileRef = 6629A1DC2B4E538300FE2AB3 /* Assets.xcassets */; };
		6629A1E02B4E538300FE2AB3 /* Preview Assets.xcassets in Resources */ = {isa = PBXBuildFile; fileRef = 6629A1DF2B4E538300FE2AB3 /* Preview Assets.xcassets */; };
		66635BA12B66D002004FD096 /* manifests in Resources */ = {isa = PBXBuildFile; fileRef = 66635BA02B66D002004FD096 /* manifests */; };
		66635BA32B66D1F6004FD096 /* Files.swift in Sources */ = {isa = PBXBuildFile; fileRef = 66635BA22B66D1F6004FD096 /* Files.swift */; };
		6688DED02B5DAC33004B2123 /* virtualfriend_swift.swift in Sources */ = {isa = PBXBuildFile; fileRef = 6688DECC2B5DAC33004B2123 /* virtualfriend_swift.swift */; };
		6688DED12B5DAC33004B2123 /* SwiftBridgeCore.swift in Sources */ = {isa = PBXBuildFile; fileRef = 6688DECF2B5DAC33004B2123 /* SwiftBridgeCore.swift */; };
		6688DED42B5DBA98004B2123 /* libvirtualfriend_swift.a in Frameworks */ = {isa = PBXBuildFile; fileRef = 6688DED32B5DBA88004B2123 /* libvirtualfriend_swift.a */; };
		6688DED72B5DF876004B2123 /* EmuView.swift in Sources */ = {isa = PBXBuildFile; fileRef = 6688DED62B5DF876004B2123 /* EmuView.swift */; };
		66C60F062B63546B00C1FDF4 /* FFIGamepadInputs.swift in Sources */ = {isa = PBXBuildFile; fileRef = 66C60F052B63546B00C1FDF4 /* FFIGamepadInputs.swift */; };
		66C60F0B2B643A5500C1FDF4 /* FilePickerView.swift in Sources */ = {isa = PBXBuildFile; fileRef = 66C60F0A2B643A5500C1FDF4 /* FilePickerView.swift */; };
		66C60F0E2B6595CE00C1FDF4 /* Utilities.swift in Sources */ = {isa = PBXBuildFile; fileRef = 66C60F0D2B6595CE00C1FDF4 /* Utilities.swift */; };
		66C60F102B6596DE00C1FDF4 /* FilePickerEntry.swift in Sources */ = {isa = PBXBuildFile; fileRef = 66C60F0F2B6596DE00C1FDF4 /* FilePickerEntry.swift */; };
		66C60F2D2B66BA7F00C1FDF4 /* Hash.swift in Sources */ = {isa = PBXBuildFile; fileRef = 66C60F2C2B66BA7F00C1FDF4 /* Hash.swift */; };
/* End PBXBuildFile section */

/* Begin PBXFileReference section */
		6609555C2B62175E00A47B1B /* StreamingStereoImageView.swift */ = {isa = PBXFileReference; lastKnownFileType = sourcecode.swift; path = StreamingStereoImageView.swift; sourceTree = "<group>"; };
		660955612B62202700A47B1B /* StreamingStereoImage.swift */ = {isa = PBXFileReference; lastKnownFileType = sourcecode.swift; path = StreamingStereoImage.swift; sourceTree = "<group>"; };
		661265C72B54486500D1B343 /* VBStereoRenderRealityKit */ = {isa = PBXFileReference; lastKnownFileType = wrapper; path = VBStereoRenderRealityKit; sourceTree = "<group>"; };
		661265C92B54531200D1B343 /* libvirtualfriend.a */ = {isa = PBXFileReference; lastKnownFileType = archive.ar; name = libvirtualfriend.a; path = "../virtualfriend/target/aarch64-apple-ios-sim/release/libvirtualfriend.a"; sourceTree = "<group>"; };
		661265CB2B54533800D1B343 /* libresolv.tbd */ = {isa = PBXFileReference; lastKnownFileType = "sourcecode.text-based-dylib-definition"; name = libresolv.tbd; path = usr/lib/libresolv.tbd; sourceTree = SDKROOT; };
		66136E242B5B419600D580BF /* libxrostest.a */ = {isa = PBXFileReference; lastKnownFileType = archive.ar; name = libxrostest.a; path = "../xrostest/target/aarch64-apple-xros-sim/debug/libxrostest.a"; sourceTree = "<group>"; };
		66136E262B5D948300D580BF /* libvirtualfriend.a */ = {isa = PBXFileReference; lastKnownFileType = archive.ar; name = libvirtualfriend.a; path = "../virtualfriend/target/aarch64-apple-xros-sim/debug/libvirtualfriend.a"; sourceTree = "<group>"; };
		6628E47C2B67257400BA069D /* StereoImageScene.swift */ = {isa = PBXFileReference; lastKnownFileType = sourcecode.swift; path = StereoImageScene.swift; sourceTree = "<group>"; };
		6629A1CD2B4E538200FE2AB3 /* VirtualFriend-Vision.app */ = {isa = PBXFileReference; explicitFileType = wrapper.application; includeInIndex = 0; path = "VirtualFriend-Vision.app"; sourceTree = BUILT_PRODUCTS_DIR; };
		6629A1D42B4E538200FE2AB3 /* VirtualFriend_VisionApp.swift */ = {isa = PBXFileReference; lastKnownFileType = sourcecode.swift; path = VirtualFriend_VisionApp.swift; sourceTree = "<group>"; };
		6629A1DA2B4E538200FE2AB3 /* ImageBasedLighting.skybox */ = {isa = PBXFileReference; lastKnownFileType = file.skybox; path = ImageBasedLighting.skybox; sourceTree = "<group>"; };
		6629A1DC2B4E538300FE2AB3 /* Assets.xcassets */ = {isa = PBXFileReference; lastKnownFileType = folder.assetcatalog; path = Assets.xcassets; sourceTree = "<group>"; };
		6629A1DF2B4E538300FE2AB3 /* Preview Assets.xcassets */ = {isa = PBXFileReference; lastKnownFileType = folder.assetcatalog; path = "Preview Assets.xcassets"; sourceTree = "<group>"; };
		6629A1E12B4E538300FE2AB3 /* Info.plist */ = {isa = PBXFileReference; lastKnownFileType = text.plist.xml; path = Info.plist; sourceTree = "<group>"; };
		66635BA02B66D002004FD096 /* manifests */ = {isa = PBXFileReference; lastKnownFileType = folder; name = manifests; path = ../../manifests; sourceTree = "<group>"; };
		66635BA22B66D1F6004FD096 /* Files.swift */ = {isa = PBXFileReference; lastKnownFileType = sourcecode.swift; path = Files.swift; sourceTree = "<group>"; };
		66654C052B5AF3E0008E283D /* libxrostest.a */ = {isa = PBXFileReference; lastKnownFileType = archive.ar; name = libxrostest.a; path = "../xrostest/target/aarch64-apple-xros/debug/libxrostest.a"; sourceTree = "<group>"; };
		66654C072B5B3F97008E283D /* Bridging-Header.h */ = {isa = PBXFileReference; lastKnownFileType = sourcecode.c.h; path = "Bridging-Header.h"; sourceTree = "<group>"; };
		6688DECC2B5DAC33004B2123 /* virtualfriend_swift.swift */ = {isa = PBXFileReference; fileEncoding = 4; lastKnownFileType = sourcecode.swift; path = virtualfriend_swift.swift; sourceTree = "<group>"; };
		6688DECD2B5DAC33004B2123 /* virtualfriend_swift.h */ = {isa = PBXFileReference; fileEncoding = 4; lastKnownFileType = sourcecode.c.h; path = virtualfriend_swift.h; sourceTree = "<group>"; };
		6688DECE2B5DAC33004B2123 /* SwiftBridgeCore.h */ = {isa = PBXFileReference; fileEncoding = 4; lastKnownFileType = sourcecode.c.h; path = SwiftBridgeCore.h; sourceTree = "<group>"; };
		6688DECF2B5DAC33004B2123 /* SwiftBridgeCore.swift */ = {isa = PBXFileReference; fileEncoding = 4; lastKnownFileType = sourcecode.swift; path = SwiftBridgeCore.swift; sourceTree = "<group>"; };
		6688DED32B5DBA88004B2123 /* libvirtualfriend_swift.a */ = {isa = PBXFileReference; lastKnownFileType = archive.ar; name = libvirtualfriend_swift.a; path = "../target/aarch64-apple-xros-sim/debug/libvirtualfriend_swift.a"; sourceTree = "<group>"; };
		6688DED62B5DF876004B2123 /* EmuView.swift */ = {isa = PBXFileReference; lastKnownFileType = sourcecode.swift; path = EmuView.swift; sourceTree = "<group>"; };
		66C60F052B63546B00C1FDF4 /* FFIGamepadInputs.swift */ = {isa = PBXFileReference; lastKnownFileType = sourcecode.swift; path = FFIGamepadInputs.swift; sourceTree = "<group>"; };
		66C60F0A2B643A5500C1FDF4 /* FilePickerView.swift */ = {isa = PBXFileReference; lastKnownFileType = sourcecode.swift; path = FilePickerView.swift; sourceTree = "<group>"; };
		66C60F0D2B6595CE00C1FDF4 /* Utilities.swift */ = {isa = PBXFileReference; lastKnownFileType = sourcecode.swift; path = Utilities.swift; sourceTree = "<group>"; };
		66C60F0F2B6596DE00C1FDF4 /* FilePickerEntry.swift */ = {isa = PBXFileReference; lastKnownFileType = sourcecode.swift; path = FilePickerEntry.swift; sourceTree = "<group>"; };
		66C60F2C2B66BA7F00C1FDF4 /* Hash.swift */ = {isa = PBXFileReference; lastKnownFileType = sourcecode.swift; path = Hash.swift; sourceTree = "<group>"; };
/* End PBXFileReference section */

/* Begin PBXFrameworksBuildPhase section */
		6629A1CA2B4E538200FE2AB3 /* Frameworks */ = {
			isa = PBXFrameworksBuildPhase;
			buildActionMask = 2147483647;
			files = (
				661265C62B54460900D1B343 /* VBStereoRenderRealityKit in Frameworks */,
				6688DED42B5DBA98004B2123 /* libvirtualfriend_swift.a in Frameworks */,
				661265CC2B54533F00D1B343 /* libresolv.tbd in Frameworks */,
			);
			runOnlyForDeploymentPostprocessing = 0;
		};
/* End PBXFrameworksBuildPhase section */

/* Begin PBXGroup section */
		6609555E2B621FE200A47B1B /* StreamingStereoImage */ = {
			isa = PBXGroup;
			children = (
				6609555C2B62175E00A47B1B /* StreamingStereoImageView.swift */,
				660955612B62202700A47B1B /* StreamingStereoImage.swift */,
				6628E47C2B67257400BA069D /* StereoImageScene.swift */,
			);
			path = StreamingStereoImage;
			sourceTree = "<group>";
		};
		661265C82B54531200D1B343 /* Frameworks */ = {
			isa = PBXGroup;
			children = (
				6688DED32B5DBA88004B2123 /* libvirtualfriend_swift.a */,
				66136E262B5D948300D580BF /* libvirtualfriend.a */,
				66654C052B5AF3E0008E283D /* libxrostest.a */,
				66136E242B5B419600D580BF /* libxrostest.a */,
				661265CB2B54533800D1B343 /* libresolv.tbd */,
				661265C92B54531200D1B343 /* libvirtualfriend.a */,
			);
			name = Frameworks;
			sourceTree = "<group>";
		};
		6629A1C42B4E538200FE2AB3 = {
			isa = PBXGroup;
			children = (
				6688DECA2B5DAC33004B2123 /* generated */,
				6629A1CF2B4E538200FE2AB3 /* VirtualFriend-Vision */,
				6629A1D02B4E538200FE2AB3 /* Packages */,
				6629A1CE2B4E538200FE2AB3 /* Products */,
				661265C82B54531200D1B343 /* Frameworks */,
			);
			sourceTree = "<group>";
		};
		6629A1CE2B4E538200FE2AB3 /* Products */ = {
			isa = PBXGroup;
			children = (
				6629A1CD2B4E538200FE2AB3 /* VirtualFriend-Vision.app */,
			);
			name = Products;
			sourceTree = "<group>";
		};
		6629A1CF2B4E538200FE2AB3 /* VirtualFriend-Vision */ = {
			isa = PBXGroup;
			children = (
				66635BA02B66D002004FD096 /* manifests */,
				66C60F042B63545C00C1FDF4 /* ffi */,
				6609555E2B621FE200A47B1B /* StreamingStereoImage */,
				66C60F092B643A3500C1FDF4 /* File Picker */,
				66C60F0C2B6595B600C1FDF4 /* Emulation */,
				66C60F2B2B66BA6A00C1FDF4 /* Utilities */,
				6629A1D42B4E538200FE2AB3 /* VirtualFriend_VisionApp.swift */,
				6629A1DA2B4E538200FE2AB3 /* ImageBasedLighting.skybox */,
				6629A1DC2B4E538300FE2AB3 /* Assets.xcassets */,
				6629A1E12B4E538300FE2AB3 /* Info.plist */,
				6629A1DE2B4E538300FE2AB3 /* Preview Content */,
				66654C072B5B3F97008E283D /* Bridging-Header.h */,
			);
			path = "VirtualFriend-Vision";
			sourceTree = "<group>";
		};
		6629A1D02B4E538200FE2AB3 /* Packages */ = {
			isa = PBXGroup;
			children = (
				661265C72B54486500D1B343 /* VBStereoRenderRealityKit */,
			);
			path = Packages;
			sourceTree = "<group>";
		};
		6629A1DE2B4E538300FE2AB3 /* Preview Content */ = {
			isa = PBXGroup;
			children = (
				6629A1DF2B4E538300FE2AB3 /* Preview Assets.xcassets */,
			);
			path = "Preview Content";
			sourceTree = "<group>";
		};
		6688DECA2B5DAC33004B2123 /* generated */ = {
			isa = PBXGroup;
			children = (
				6688DECB2B5DAC33004B2123 /* virtualfriend_swift */,
				6688DECE2B5DAC33004B2123 /* SwiftBridgeCore.h */,
				6688DECF2B5DAC33004B2123 /* SwiftBridgeCore.swift */,
			);
			name = generated;
			path = ../virtualfriend_swift/generated;
			sourceTree = "<group>";
		};
		6688DECB2B5DAC33004B2123 /* virtualfriend_swift */ = {
			isa = PBXGroup;
			children = (
				6688DECC2B5DAC33004B2123 /* virtualfriend_swift.swift */,
				6688DECD2B5DAC33004B2123 /* virtualfriend_swift.h */,
			);
			path = virtualfriend_swift;
			sourceTree = "<group>";
		};
		66C60F042B63545C00C1FDF4 /* ffi */ = {
			isa = PBXGroup;
			children = (
				66C60F052B63546B00C1FDF4 /* FFIGamepadInputs.swift */,
			);
			path = ffi;
			sourceTree = "<group>";
		};
		66C60F092B643A3500C1FDF4 /* File Picker */ = {
			isa = PBXGroup;
			children = (
				66C60F0A2B643A5500C1FDF4 /* FilePickerView.swift */,
				66C60F0F2B6596DE00C1FDF4 /* FilePickerEntry.swift */,
			);
			path = "File Picker";
			sourceTree = "<group>";
		};
		66C60F0C2B6595B600C1FDF4 /* Emulation */ = {
			isa = PBXGroup;
			children = (
				6688DED62B5DF876004B2123 /* EmuView.swift */,
				66C60F0D2B6595CE00C1FDF4 /* Utilities.swift */,
			);
			path = Emulation;
			sourceTree = "<group>";
		};
		66C60F2B2B66BA6A00C1FDF4 /* Utilities */ = {
			isa = PBXGroup;
			children = (
				66C60F2C2B66BA7F00C1FDF4 /* Hash.swift */,
				66635BA22B66D1F6004FD096 /* Files.swift */,
			);
			path = Utilities;
			sourceTree = "<group>";
		};
/* End PBXGroup section */

/* Begin PBXNativeTarget section */
		6629A1CC2B4E538200FE2AB3 /* VirtualFriend-Vision */ = {
			isa = PBXNativeTarget;
			buildConfigurationList = 6629A1E42B4E538300FE2AB3 /* Build configuration list for PBXNativeTarget "VirtualFriend-Vision" */;
			buildPhases = (
				6688DED22B5DB65E004B2123 /* ShellScript */,
				6629A1C92B4E538200FE2AB3 /* Sources */,
				6629A1CA2B4E538200FE2AB3 /* Frameworks */,
				6629A1CB2B4E538200FE2AB3 /* Resources */,
			);
			buildRules = (
			);
			dependencies = (
			);
			name = "VirtualFriend-Vision";
			packageProductDependencies = (
				661265C52B54460900D1B343 /* VBStereoRenderRealityKit */,
			);
			productName = "VirtualFriend-Vision";
			productReference = 6629A1CD2B4E538200FE2AB3 /* VirtualFriend-Vision.app */;
			productType = "com.apple.product-type.application";
		};
/* End PBXNativeTarget section */

/* Begin PBXProject section */
		6629A1C52B4E538200FE2AB3 /* Project object */ = {
			isa = PBXProject;
			attributes = {
				BuildIndependentTargetsInParallel = 1;
				LastSwiftUpdateCheck = 1520;
				LastUpgradeCheck = 1520;
				TargetAttributes = {
					6629A1CC2B4E538200FE2AB3 = {
						CreatedOnToolsVersion = 15.2;
					};
				};
			};
			buildConfigurationList = 6629A1C82B4E538200FE2AB3 /* Build configuration list for PBXProject "VirtualFriend-Vision" */;
			compatibilityVersion = "Xcode 14.0";
			developmentRegion = en;
			hasScannedForEncodings = 0;
			knownRegions = (
				en,
				Base,
			);
			mainGroup = 6629A1C42B4E538200FE2AB3;
			packageReferences = (
				661265C42B54460900D1B343 /* XCLocalSwiftPackageReference "Packages/VBStereoRenderRealityKit" */,
			);
			productRefGroup = 6629A1CE2B4E538200FE2AB3 /* Products */;
			projectDirPath = "";
			projectRoot = "";
			targets = (
				6629A1CC2B4E538200FE2AB3 /* VirtualFriend-Vision */,
			);
		};
/* End PBXProject section */

/* Begin PBXResourcesBuildPhase section */
		6629A1CB2B4E538200FE2AB3 /* Resources */ = {
			isa = PBXResourcesBuildPhase;
			buildActionMask = 2147483647;
			files = (
				6629A1DD2B4E538300FE2AB3 /* Assets.xcassets in Resources */,
				6629A1E02B4E538300FE2AB3 /* Preview Assets.xcassets in Resources */,
				6629A1DB2B4E538200FE2AB3 /* ImageBasedLighting.skybox in Resources */,
				66635BA12B66D002004FD096 /* manifests in Resources */,
			);
			runOnlyForDeploymentPostprocessing = 0;
		};
/* End PBXResourcesBuildPhase section */

/* Begin PBXShellScriptBuildPhase section */
		6688DED22B5DB65E004B2123 /* ShellScript */ = {
			isa = PBXShellScriptBuildPhase;
			buildActionMask = 2147483647;
			files = (
			);
			inputFileListPaths = (
			);
			inputPaths = (
			);
			outputFileListPaths = (
			);
			outputPaths = (
			);
			runOnlyForDeploymentPostprocessing = 0;
			shellPath = /bin/sh;
			shellScript = "# Type a script or drag a script file from your workspace to insert its path.\ncd ../\n# Load Rust PATH\n. ~/.cargo/env\nmake vision\n";
		};
/* End PBXShellScriptBuildPhase section */

/* Begin PBXSourcesBuildPhase section */
		6629A1C92B4E538200FE2AB3 /* Sources */ = {
			isa = PBXSourcesBuildPhase;
			buildActionMask = 2147483647;
			files = (
				66C60F2D2B66BA7F00C1FDF4 /* Hash.swift in Sources */,
				6629A1D52B4E538200FE2AB3 /* VirtualFriend_VisionApp.swift in Sources */,
				6688DED72B5DF876004B2123 /* EmuView.swift in Sources */,
				6628E47D2B67257400BA069D /* StereoImageScene.swift in Sources */,
				6609555D2B62175E00A47B1B /* StreamingStereoImageView.swift in Sources */,
				660955622B62202700A47B1B /* StreamingStereoImage.swift in Sources */,
				66C60F0B2B643A5500C1FDF4 /* FilePickerView.swift in Sources */,
				66C60F0E2B6595CE00C1FDF4 /* Utilities.swift in Sources */,
				6688DED02B5DAC33004B2123 /* virtualfriend_swift.swift in Sources */,
				6688DED12B5DAC33004B2123 /* SwiftBridgeCore.swift in Sources */,
				66635BA32B66D1F6004FD096 /* Files.swift in Sources */,
				66C60F062B63546B00C1FDF4 /* FFIGamepadInputs.swift in Sources */,
				66C60F102B6596DE00C1FDF4 /* FilePickerEntry.swift in Sources */,
			);
			runOnlyForDeploymentPostprocessing = 0;
		};
/* End PBXSourcesBuildPhase section */

/* Begin XCBuildConfiguration section */
		6629A1E22B4E538300FE2AB3 /* Debug */ = {
			isa = XCBuildConfiguration;
			buildSettings = {
				ALWAYS_SEARCH_USER_PATHS = NO;
				ASSETCATALOG_COMPILER_GENERATE_SWIFT_ASSET_SYMBOL_EXTENSIONS = YES;
				CLANG_ANALYZER_NONNULL = YES;
				CLANG_ANALYZER_NUMBER_OBJECT_CONVERSION = YES_AGGRESSIVE;
				CLANG_CXX_LANGUAGE_STANDARD = "gnu++20";
				CLANG_ENABLE_MODULES = YES;
				CLANG_ENABLE_OBJC_ARC = YES;
				CLANG_ENABLE_OBJC_WEAK = YES;
				CLANG_WARN_BLOCK_CAPTURE_AUTORELEASING = YES;
				CLANG_WARN_BOOL_CONVERSION = YES;
				CLANG_WARN_COMMA = YES;
				CLANG_WARN_CONSTANT_CONVERSION = YES;
				CLANG_WARN_DEPRECATED_OBJC_IMPLEMENTATIONS = YES;
				CLANG_WARN_DIRECT_OBJC_ISA_USAGE = YES_ERROR;
				CLANG_WARN_DOCUMENTATION_COMMENTS = YES;
				CLANG_WARN_EMPTY_BODY = YES;
				CLANG_WARN_ENUM_CONVERSION = YES;
				CLANG_WARN_INFINITE_RECURSION = YES;
				CLANG_WARN_INT_CONVERSION = YES;
				CLANG_WARN_NON_LITERAL_NULL_CONVERSION = YES;
				CLANG_WARN_OBJC_IMPLICIT_RETAIN_SELF = YES;
				CLANG_WARN_OBJC_LITERAL_CONVERSION = YES;
				CLANG_WARN_OBJC_ROOT_CLASS = YES_ERROR;
				CLANG_WARN_QUOTED_INCLUDE_IN_FRAMEWORK_HEADER = YES;
				CLANG_WARN_RANGE_LOOP_ANALYSIS = YES;
				CLANG_WARN_STRICT_PROTOTYPES = YES;
				CLANG_WARN_SUSPICIOUS_MOVE = YES;
				CLANG_WARN_UNGUARDED_AVAILABILITY = YES_AGGRESSIVE;
				CLANG_WARN_UNREACHABLE_CODE = YES;
				CLANG_WARN__DUPLICATE_METHOD_MATCH = YES;
				COPY_PHASE_STRIP = NO;
				DEBUG_INFORMATION_FORMAT = dwarf;
				ENABLE_STRICT_OBJC_MSGSEND = YES;
				ENABLE_TESTABILITY = YES;
				ENABLE_USER_SCRIPT_SANDBOXING = YES;
				GCC_C_LANGUAGE_STANDARD = gnu17;
				GCC_DYNAMIC_NO_PIC = NO;
				GCC_NO_COMMON_BLOCKS = YES;
				GCC_OPTIMIZATION_LEVEL = 0;
				GCC_PREPROCESSOR_DEFINITIONS = (
					"DEBUG=1",
					"$(inherited)",
				);
				GCC_WARN_64_TO_32_BIT_CONVERSION = YES;
				GCC_WARN_ABOUT_RETURN_TYPE = YES_ERROR;
				GCC_WARN_UNDECLARED_SELECTOR = YES;
				GCC_WARN_UNINITIALIZED_AUTOS = YES_AGGRESSIVE;
				GCC_WARN_UNUSED_FUNCTION = YES;
				GCC_WARN_UNUSED_VARIABLE = YES;
				LOCALIZATION_PREFERS_STRING_CATALOGS = YES;
				MTL_ENABLE_DEBUG_INFO = INCLUDE_SOURCE;
				MTL_FAST_MATH = YES;
				ONLY_ACTIVE_ARCH = YES;
				SDKROOT = xros;
				SWIFT_ACTIVE_COMPILATION_CONDITIONS = "DEBUG $(inherited)";
				SWIFT_OPTIMIZATION_LEVEL = "-Onone";
				XROS_DEPLOYMENT_TARGET = 1.0;
			};
			name = Debug;
		};
		6629A1E32B4E538300FE2AB3 /* Release */ = {
			isa = XCBuildConfiguration;
			buildSettings = {
				ALWAYS_SEARCH_USER_PATHS = NO;
				ASSETCATALOG_COMPILER_GENERATE_SWIFT_ASSET_SYMBOL_EXTENSIONS = YES;
				CLANG_ANALYZER_NONNULL = YES;
				CLANG_ANALYZER_NUMBER_OBJECT_CONVERSION = YES_AGGRESSIVE;
				CLANG_CXX_LANGUAGE_STANDARD = "gnu++20";
				CLANG_ENABLE_MODULES = YES;
				CLANG_ENABLE_OBJC_ARC = YES;
				CLANG_ENABLE_OBJC_WEAK = YES;
				CLANG_WARN_BLOCK_CAPTURE_AUTORELEASING = YES;
				CLANG_WARN_BOOL_CONVERSION = YES;
				CLANG_WARN_COMMA = YES;
				CLANG_WARN_CONSTANT_CONVERSION = YES;
				CLANG_WARN_DEPRECATED_OBJC_IMPLEMENTATIONS = YES;
				CLANG_WARN_DIRECT_OBJC_ISA_USAGE = YES_ERROR;
				CLANG_WARN_DOCUMENTATION_COMMENTS = YES;
				CLANG_WARN_EMPTY_BODY = YES;
				CLANG_WARN_ENUM_CONVERSION = YES;
				CLANG_WARN_INFINITE_RECURSION = YES;
				CLANG_WARN_INT_CONVERSION = YES;
				CLANG_WARN_NON_LITERAL_NULL_CONVERSION = YES;
				CLANG_WARN_OBJC_IMPLICIT_RETAIN_SELF = YES;
				CLANG_WARN_OBJC_LITERAL_CONVERSION = YES;
				CLANG_WARN_OBJC_ROOT_CLASS = YES_ERROR;
				CLANG_WARN_QUOTED_INCLUDE_IN_FRAMEWORK_HEADER = YES;
				CLANG_WARN_RANGE_LOOP_ANALYSIS = YES;
				CLANG_WARN_STRICT_PROTOTYPES = YES;
				CLANG_WARN_SUSPICIOUS_MOVE = YES;
				CLANG_WARN_UNGUARDED_AVAILABILITY = YES_AGGRESSIVE;
				CLANG_WARN_UNREACHABLE_CODE = YES;
				CLANG_WARN__DUPLICATE_METHOD_MATCH = YES;
				COPY_PHASE_STRIP = NO;
				DEBUG_INFORMATION_FORMAT = "dwarf-with-dsym";
				ENABLE_NS_ASSERTIONS = NO;
				ENABLE_STRICT_OBJC_MSGSEND = YES;
				ENABLE_USER_SCRIPT_SANDBOXING = YES;
				GCC_C_LANGUAGE_STANDARD = gnu17;
				GCC_NO_COMMON_BLOCKS = YES;
				GCC_WARN_64_TO_32_BIT_CONVERSION = YES;
				GCC_WARN_ABOUT_RETURN_TYPE = YES_ERROR;
				GCC_WARN_UNDECLARED_SELECTOR = YES;
				GCC_WARN_UNINITIALIZED_AUTOS = YES_AGGRESSIVE;
				GCC_WARN_UNUSED_FUNCTION = YES;
				GCC_WARN_UNUSED_VARIABLE = YES;
				LOCALIZATION_PREFERS_STRING_CATALOGS = YES;
				MTL_ENABLE_DEBUG_INFO = NO;
				MTL_FAST_MATH = YES;
				SDKROOT = xros;
				SWIFT_COMPILATION_MODE = wholemodule;
				VALIDATE_PRODUCT = YES;
				XROS_DEPLOYMENT_TARGET = 1.0;
			};
			name = Release;
		};
		6629A1E52B4E538300FE2AB3 /* Debug */ = {
			isa = XCBuildConfiguration;
			buildSettings = {
				ASSETCATALOG_COMPILER_APPICON_NAME = AppIcon;
				ASSETCATALOG_COMPILER_GLOBAL_ACCENT_COLOR_NAME = AccentColor;
				CODE_SIGN_STYLE = Automatic;
				CURRENT_PROJECT_VERSION = 1;
				DEVELOPMENT_ASSET_PATHS = "\"VirtualFriend-Vision/Preview Content\"";
				DEVELOPMENT_TEAM = 8GHG7MV8H4;
				ENABLE_PREVIEWS = YES;
				EXCLUDED_ARCHS = "";
				"EXCLUDED_ARCHS[sdk=*]" = x86_64;
				GENERATE_INFOPLIST_FILE = YES;
				HEADER_SEARCH_PATHS = "${PROJECT_DIR}/../virtualfriend_swift/generated/**";
				INFOPLIST_FILE = "$(TARGET_NAME)/Info.plist";
				LD_RUNPATH_SEARCH_PATHS = (
					"$(inherited)",
					"@executable_path/Frameworks",
				);
				LIBRARY_SEARCH_PATHS = "$(PROJECT_DIR)/../target/aarch64-apple-xros-sim/debug";
				MARKETING_VERSION = 1.0;
				PRODUCT_BUNDLE_IDENTIFIER = "im.agg.VirtualFriend-Vision";
				PRODUCT_NAME = "$(TARGET_NAME)";
				SUPPORTED_PLATFORMS = "xros xrsimulator";
				SWIFT_EMIT_LOC_STRINGS = YES;
				SWIFT_OBJC_BRIDGING_HEADER = "$(PROJECT_DIR)/VirtualFriend-Vision/Bridging-Header.h";
				SWIFT_VERSION = 5.0;
				TARGETED_DEVICE_FAMILY = "1,2,7";
			};
			name = Debug;
		};
		6629A1E62B4E538300FE2AB3 /* Release */ = {
			isa = XCBuildConfiguration;
			buildSettings = {
				ASSETCATALOG_COMPILER_APPICON_NAME = AppIcon;
				ASSETCATALOG_COMPILER_GLOBAL_ACCENT_COLOR_NAME = AccentColor;
				CODE_SIGN_STYLE = Automatic;
				CURRENT_PROJECT_VERSION = 1;
				DEVELOPMENT_ASSET_PATHS = "\"VirtualFriend-Vision/Preview Content\"";
				DEVELOPMENT_TEAM = 8GHG7MV8H4;
				ENABLE_PREVIEWS = YES;
				EXCLUDED_ARCHS = x86_64;
				GENERATE_INFOPLIST_FILE = YES;
				HEADER_SEARCH_PATHS = "${PROJECT_DIR}/../virtualfriend_swift/generated/**";
				INFOPLIST_FILE = "$(TARGET_NAME)/Info.plist";
				LD_RUNPATH_SEARCH_PATHS = (
					"$(inherited)",
					"@executable_path/Frameworks",
				);
				LIBRARY_SEARCH_PATHS = "$(PROJECT_DIR)/../target/aarch64-apple-xros-sim/debug";
				MARKETING_VERSION = 1.0;
				PRODUCT_BUNDLE_IDENTIFIER = "im.agg.VirtualFriend-Vision";
				PRODUCT_NAME = "$(TARGET_NAME)";
				SUPPORTED_PLATFORMS = "xros xrsimulator";
				SWIFT_EMIT_LOC_STRINGS = YES;
				SWIFT_OBJC_BRIDGING_HEADER = "$(PROJECT_DIR)/VirtualFriend-Vision/Bridging-Header.h";
				SWIFT_VERSION = 5.0;
				TARGETED_DEVICE_FAMILY = "1,2,7";
			};
			name = Release;
		};
/* End XCBuildConfiguration section */

/* Begin XCConfigurationList section */
		6629A1C82B4E538200FE2AB3 /* Build configuration list for PBXProject "VirtualFriend-Vision" */ = {
			isa = XCConfigurationList;
			buildConfigurations = (
				6629A1E22B4E538300FE2AB3 /* Debug */,
				6629A1E32B4E538300FE2AB3 /* Release */,
			);
			defaultConfigurationIsVisible = 0;
			defaultConfigurationName = Release;
		};
		6629A1E42B4E538300FE2AB3 /* Build configuration list for PBXNativeTarget "VirtualFriend-Vision" */ = {
			isa = XCConfigurationList;
			buildConfigurations = (
				6629A1E52B4E538300FE2AB3 /* Debug */,
				6629A1E62B4E538300FE2AB3 /* Release */,
			);
			defaultConfigurationIsVisible = 0;
			defaultConfigurationName = Release;
		};
/* End XCConfigurationList section */

/* Begin XCLocalSwiftPackageReference section */
		661265C42B54460900D1B343 /* XCLocalSwiftPackageReference "Packages/VBStereoRenderRealityKit" */ = {
			isa = XCLocalSwiftPackageReference;
			relativePath = Packages/VBStereoRenderRealityKit;
		};
/* End XCLocalSwiftPackageReference section */

/* Begin XCSwiftPackageProductDependency section */
		661265C52B54460900D1B343 /* VBStereoRenderRealityKit */ = {
			isa = XCSwiftPackageProductDependency;
			productName = VBStereoRenderRealityKit;
		};
/* End XCSwiftPackageProductDependency section */
	};
	rootObject = 6629A1C52B4E538200FE2AB3 /* Project object */;
}
